// !$*UTF8*$!
{
	archiveVersion = 1;
	classes = {
	};
	objectVersion = 50;
	objects = {

/* Begin PBXBuildFile section */
		A32D831E232E45BC005AB288 /* Account.storyboard in Resources */ = {isa = PBXBuildFile; fileRef = A32D831D232E45BC005AB288 /* Account.storyboard */; };
		A32D8321232E464A005AB288 /* AccountViewController.swift in Sources */ = {isa = PBXBuildFile; fileRef = A32D8320232E464A005AB288 /* AccountViewController.swift */; };
		A32D8324232E4BD9005AB288 /* SignInViewController.swift in Sources */ = {isa = PBXBuildFile; fileRef = A32D8323232E4BD9005AB288 /* SignInViewController.swift */; };
		A32D8329232E4F2C005AB288 /* ShrinkingButton.swift in Sources */ = {isa = PBXBuildFile; fileRef = A32D8328232E4F2C005AB288 /* ShrinkingButton.swift */; };
		A32D832C232E516E005AB288 /* GradientView.swift in Sources */ = {isa = PBXBuildFile; fileRef = A32D832B232E516E005AB288 /* GradientView.swift */; };
		A392632C232D10880052238C /* UpcomingMovies.storyboard in Resources */ = {isa = PBXBuildFile; fileRef = A392632B232D10880052238C /* UpcomingMovies.storyboard */; };
		A392632E232D11240052238C /* MovieDetail.storyboard in Resources */ = {isa = PBXBuildFile; fileRef = A392632D232D11240052238C /* MovieDetail.storyboard */; };
		A3926332232D14600052238C /* UpcomingMoviesViewController.swift in Sources */ = {isa = PBXBuildFile; fileRef = A3926331232D14600052238C /* UpcomingMoviesViewController.swift */; };
		A3926334232D17B40052238C /* SearchMovies.storyboard in Resources */ = {isa = PBXBuildFile; fileRef = A3926333232D17B40052238C /* SearchMovies.storyboard */; };
		A3926337232D18AE0052238C /* SearchMoviesViewController.swift in Sources */ = {isa = PBXBuildFile; fileRef = A3926336232D18AE0052238C /* SearchMoviesViewController.swift */; };
		A3C86249232AA364000CF79B /* AppDelegate.swift in Sources */ = {isa = PBXBuildFile; fileRef = A3C86248232AA364000CF79B /* AppDelegate.swift */; };
		A3C8624B232AA364000CF79B /* SplashViewController.swift in Sources */ = {isa = PBXBuildFile; fileRef = A3C8624A232AA364000CF79B /* SplashViewController.swift */; };
		A3C8624E232AA364000CF79B /* Main.storyboard in Resources */ = {isa = PBXBuildFile; fileRef = A3C8624C232AA364000CF79B /* Main.storyboard */; };
		A3C86250232AA366000CF79B /* Assets.xcassets in Resources */ = {isa = PBXBuildFile; fileRef = A3C8624F232AA366000CF79B /* Assets.xcassets */; };
		A3C86253232AA366000CF79B /* LaunchScreen.storyboard in Resources */ = {isa = PBXBuildFile; fileRef = A3C86251232AA366000CF79B /* LaunchScreen.storyboard */; };
		A3E74CDF232C7A39002D75A3 /* UIViewController+Extensions.swift in Sources */ = {isa = PBXBuildFile; fileRef = A3E74CDE232C7A39002D75A3 /* UIViewController+Extensions.swift */; };
		A3F8C81C232BEEE0002CFEA4 /* SplashViewModel.swift in Sources */ = {isa = PBXBuildFile; fileRef = A3F8C81B232BEEE0002CFEA4 /* SplashViewModel.swift */; };
		A3F8C820232BF183002CFEA4 /* AppShortcutItem.swift in Sources */ = {isa = PBXBuildFile; fileRef = A3F8C81F232BF183002CFEA4 /* AppShortcutItem.swift */; };
		A3F8C823232BF5A5002CFEA4 /* MainTabBarControlller.swift in Sources */ = {isa = PBXBuildFile; fileRef = A3F8C822232BF5A5002CFEA4 /* MainTabBarControlller.swift */; };
/* End PBXBuildFile section */

/* Begin PBXFileReference section */
		A32D831D232E45BC005AB288 /* Account.storyboard */ = {isa = PBXFileReference; lastKnownFileType = file.storyboard; path = Account.storyboard; sourceTree = "<group>"; };
		A32D8320232E464A005AB288 /* AccountViewController.swift */ = {isa = PBXFileReference; lastKnownFileType = sourcecode.swift; path = AccountViewController.swift; sourceTree = "<group>"; };
		A32D8323232E4BD9005AB288 /* SignInViewController.swift */ = {isa = PBXFileReference; lastKnownFileType = sourcecode.swift; path = SignInViewController.swift; sourceTree = "<group>"; };
		A32D8328232E4F2C005AB288 /* ShrinkingButton.swift */ = {isa = PBXFileReference; lastKnownFileType = sourcecode.swift; path = ShrinkingButton.swift; sourceTree = "<group>"; };
		A32D832B232E516E005AB288 /* GradientView.swift */ = {isa = PBXFileReference; lastKnownFileType = sourcecode.swift; path = GradientView.swift; sourceTree = "<group>"; };
		A392632B232D10880052238C /* UpcomingMovies.storyboard */ = {isa = PBXFileReference; lastKnownFileType = file.storyboard; path = UpcomingMovies.storyboard; sourceTree = "<group>"; };
		A392632D232D11240052238C /* MovieDetail.storyboard */ = {isa = PBXFileReference; lastKnownFileType = file.storyboard; path = MovieDetail.storyboard; sourceTree = "<group>"; };
		A3926331232D14600052238C /* UpcomingMoviesViewController.swift */ = {isa = PBXFileReference; lastKnownFileType = sourcecode.swift; path = UpcomingMoviesViewController.swift; sourceTree = "<group>"; };
		A3926333232D17B40052238C /* SearchMovies.storyboard */ = {isa = PBXFileReference; lastKnownFileType = file.storyboard; path = SearchMovies.storyboard; sourceTree = "<group>"; };
		A3926336232D18AE0052238C /* SearchMoviesViewController.swift */ = {isa = PBXFileReference; lastKnownFileType = sourcecode.swift; path = SearchMoviesViewController.swift; sourceTree = "<group>"; };
		A3C86245232AA364000CF79B /* MovieDB.app */ = {isa = PBXFileReference; explicitFileType = wrapper.application; includeInIndex = 0; path = MovieDB.app; sourceTree = BUILT_PRODUCTS_DIR; };
		A3C86248232AA364000CF79B /* AppDelegate.swift */ = {isa = PBXFileReference; lastKnownFileType = sourcecode.swift; path = AppDelegate.swift; sourceTree = "<group>"; };
		A3C8624A232AA364000CF79B /* SplashViewController.swift */ = {isa = PBXFileReference; lastKnownFileType = sourcecode.swift; path = SplashViewController.swift; sourceTree = "<group>"; };
		A3C8624D232AA364000CF79B /* Base */ = {isa = PBXFileReference; lastKnownFileType = file.storyboard; name = Base; path = Base.lproj/Main.storyboard; sourceTree = "<group>"; };
		A3C8624F232AA366000CF79B /* Assets.xcassets */ = {isa = PBXFileReference; lastKnownFileType = folder.assetcatalog; path = Assets.xcassets; sourceTree = "<group>"; };
		A3C86252232AA366000CF79B /* Base */ = {isa = PBXFileReference; lastKnownFileType = file.storyboard; name = Base; path = Base.lproj/LaunchScreen.storyboard; sourceTree = "<group>"; };
		A3C86254232AA366000CF79B /* Info.plist */ = {isa = PBXFileReference; lastKnownFileType = text.plist.xml; path = Info.plist; sourceTree = "<group>"; };
		A3E74CDE232C7A39002D75A3 /* UIViewController+Extensions.swift */ = {isa = PBXFileReference; lastKnownFileType = sourcecode.swift; path = "UIViewController+Extensions.swift"; sourceTree = "<group>"; };
		A3F8C81B232BEEE0002CFEA4 /* SplashViewModel.swift */ = {isa = PBXFileReference; lastKnownFileType = sourcecode.swift; path = SplashViewModel.swift; sourceTree = "<group>"; };
		A3F8C81F232BF183002CFEA4 /* AppShortcutItem.swift */ = {isa = PBXFileReference; lastKnownFileType = sourcecode.swift; path = AppShortcutItem.swift; sourceTree = "<group>"; };
		A3F8C822232BF5A5002CFEA4 /* MainTabBarControlller.swift */ = {isa = PBXFileReference; lastKnownFileType = sourcecode.swift; path = MainTabBarControlller.swift; sourceTree = "<group>"; };
/* End PBXFileReference section */

/* Begin PBXFrameworksBuildPhase section */
		A3C86242232AA364000CF79B /* Frameworks */ = {
			isa = PBXFrameworksBuildPhase;
			buildActionMask = 2147483647;
			files = (
			);
			runOnlyForDeploymentPostprocessing = 0;
		};
/* End PBXFrameworksBuildPhase section */

/* Begin PBXGroup section */
		A32D831F232E4633005AB288 /* Account */ = {
			isa = PBXGroup;
			children = (
				A32D8322232E4BB5005AB288 /* Authentication */,
				A32D8320232E464A005AB288 /* AccountViewController.swift */,
			);
			path = Account;
			sourceTree = "<group>";
		};
		A32D8322232E4BB5005AB288 /* Authentication */ = {
			isa = PBXGroup;
			children = (
				A32D8323232E4BD9005AB288 /* SignInViewController.swift */,
			);
			path = Authentication;
			sourceTree = "<group>";
		};
		A32D8325232E4EF6005AB288 /* ViewComponents */ = {
			isa = PBXGroup;
			children = (
				A32D832A232E5157005AB288 /* CustomViews */,
				A32D8326232E4F00005AB288 /* Buttons */,
			);
			path = ViewComponents;
			sourceTree = "<group>";
		};
		A32D8326232E4F00005AB288 /* Buttons */ = {
			isa = PBXGroup;
			children = (
				A32D8327232E4F09005AB288 /* Shrinking Button */,
			);
			path = Buttons;
			sourceTree = "<group>";
		};
		A32D8327232E4F09005AB288 /* Shrinking Button */ = {
			isa = PBXGroup;
			children = (
				A32D8328232E4F2C005AB288 /* ShrinkingButton.swift */,
			);
			path = "Shrinking Button";
			sourceTree = "<group>";
		};
		A32D832A232E5157005AB288 /* CustomViews */ = {
			isa = PBXGroup;
			children = (
				A32D832B232E516E005AB288 /* GradientView.swift */,
			);
			path = CustomViews;
			sourceTree = "<group>";
		};
		A392632F232D14230052238C /* Movies */ = {
			isa = PBXGroup;
			children = (
				A3926335232D18630052238C /* SearchMovies */,
				A3926330232D14300052238C /* UpcomingMovies */,
			);
			path = Movies;
			sourceTree = "<group>";
		};
		A3926330232D14300052238C /* UpcomingMovies */ = {
			isa = PBXGroup;
			children = (
				A3926331232D14600052238C /* UpcomingMoviesViewController.swift */,
			);
			path = UpcomingMovies;
			sourceTree = "<group>";
		};
		A3926335232D18630052238C /* SearchMovies */ = {
			isa = PBXGroup;
			children = (
				A3926336232D18AE0052238C /* SearchMoviesViewController.swift */,
			);
			path = SearchMovies;
			sourceTree = "<group>";
		};
		A3C8623C232AA364000CF79B = {
			isa = PBXGroup;
			children = (
				A3C86247232AA364000CF79B /* MovieDB */,
				A3C86246232AA364000CF79B /* Products */,
			);
			sourceTree = "<group>";
		};
		A3C86246232AA364000CF79B /* Products */ = {
			isa = PBXGroup;
			children = (
				A3C86245232AA364000CF79B /* MovieDB.app */,
			);
			name = Products;
			sourceTree = "<group>";
		};
		A3C86247232AA364000CF79B /* MovieDB */ = {
			isa = PBXGroup;
			children = (
				A32D8325232E4EF6005AB288 /* ViewComponents */,
				A3F8C819232BE9C2002CFEA4 /* Scenes */,
				A3C8625A232AA934000CF79B /* Storyboards */,
				A3F8C81D232BF167002CFEA4 /* Helpers */,
				A3C86248232AA364000CF79B /* AppDelegate.swift */,
				A3C8624F232AA366000CF79B /* Assets.xcassets */,
				A3C86254232AA366000CF79B /* Info.plist */,
			);
			path = MovieDB;
			sourceTree = "<group>";
		};
		A3C8625A232AA934000CF79B /* Storyboards */ = {
			isa = PBXGroup;
			children = (
				A3C8624C232AA364000CF79B /* Main.storyboard */,
				A3C86251232AA366000CF79B /* LaunchScreen.storyboard */,
				A392632B232D10880052238C /* UpcomingMovies.storyboard */,
				A392632D232D11240052238C /* MovieDetail.storyboard */,
				A3926333232D17B40052238C /* SearchMovies.storyboard */,
				A32D831D232E45BC005AB288 /* Account.storyboard */,
			);
			path = Storyboards;
			sourceTree = "<group>";
		};
		A3E74CDD232C79C1002D75A3 /* Extensions */ = {
			isa = PBXGroup;
			children = (
				A3E74CDE232C7A39002D75A3 /* UIViewController+Extensions.swift */,
			);
			path = Extensions;
			sourceTree = "<group>";
		};
		A3F8C819232BE9C2002CFEA4 /* Scenes */ = {
			isa = PBXGroup;
			children = (
				A32D831F232E4633005AB288 /* Account */,
				A392632F232D14230052238C /* Movies */,
				A3F8C821232BF572002CFEA4 /* TabBar */,
				A3F8C81A232BE9CF002CFEA4 /* Splash */,
			);
			path = Scenes;
			sourceTree = "<group>";
		};
		A3F8C81A232BE9CF002CFEA4 /* Splash */ = {
			isa = PBXGroup;
			children = (
				A3C8624A232AA364000CF79B /* SplashViewController.swift */,
				A3F8C81B232BEEE0002CFEA4 /* SplashViewModel.swift */,
			);
			path = Splash;
			sourceTree = "<group>";
		};
		A3F8C81D232BF167002CFEA4 /* Helpers */ = {
			isa = PBXGroup;
			children = (
				A3E74CDD232C79C1002D75A3 /* Extensions */,
				A3F8C81E232BF171002CFEA4 /* Utils */,
			);
			path = Helpers;
			sourceTree = "<group>";
		};
		A3F8C81E232BF171002CFEA4 /* Utils */ = {
			isa = PBXGroup;
			children = (
				A3F8C81F232BF183002CFEA4 /* AppShortcutItem.swift */,
			);
			path = Utils;
			sourceTree = "<group>";
		};
		A3F8C821232BF572002CFEA4 /* TabBar */ = {
			isa = PBXGroup;
			children = (
				A3F8C822232BF5A5002CFEA4 /* MainTabBarControlller.swift */,
			);
			path = TabBar;
			sourceTree = "<group>";
		};
/* End PBXGroup section */

/* Begin PBXNativeTarget section */
		A3C86244232AA364000CF79B /* MovieDB */ = {
			isa = PBXNativeTarget;
			buildConfigurationList = A3C86257232AA366000CF79B /* Build configuration list for PBXNativeTarget "MovieDB" */;
			buildPhases = (
				A3C86241232AA364000CF79B /* Sources */,
				A3C86242232AA364000CF79B /* Frameworks */,
				A3C86243232AA364000CF79B /* Resources */,
			);
			buildRules = (
			);
			dependencies = (
			);
			name = MovieDB;
			productName = MovieDB;
			productReference = A3C86245232AA364000CF79B /* MovieDB.app */;
			productType = "com.apple.product-type.application";
		};
/* End PBXNativeTarget section */

/* Begin PBXProject section */
		A3C8623D232AA364000CF79B /* Project object */ = {
			isa = PBXProject;
			attributes = {
				LastSwiftUpdateCheck = 1030;
				LastUpgradeCheck = 1030;
				ORGANIZATIONNAME = "Prince Kumar";
				TargetAttributes = {
					A3C86244232AA364000CF79B = {
						CreatedOnToolsVersion = 10.3;
					};
				};
			};
			buildConfigurationList = A3C86240232AA364000CF79B /* Build configuration list for PBXProject "MovieDB" */;
			compatibilityVersion = "Xcode 9.3";
			developmentRegion = en;
			hasScannedForEncodings = 0;
			knownRegions = (
				en,
				Base,
			);
			mainGroup = A3C8623C232AA364000CF79B;
			productRefGroup = A3C86246232AA364000CF79B /* Products */;
			projectDirPath = "";
			projectRoot = "";
			targets = (
				A3C86244232AA364000CF79B /* MovieDB */,
			);
		};
/* End PBXProject section */

/* Begin PBXResourcesBuildPhase section */
		A3C86243232AA364000CF79B /* Resources */ = {
			isa = PBXResourcesBuildPhase;
			buildActionMask = 2147483647;
			files = (
				A3C86253232AA366000CF79B /* LaunchScreen.storyboard in Resources */,
				A392632C232D10880052238C /* UpcomingMovies.storyboard in Resources */,
				A3C86250232AA366000CF79B /* Assets.xcassets in Resources */,
				A3926334232D17B40052238C /* SearchMovies.storyboard in Resources */,
				A3C8624E232AA364000CF79B /* Main.storyboard in Resources */,
				A392632E232D11240052238C /* MovieDetail.storyboard in Resources */,
				A32D831E232E45BC005AB288 /* Account.storyboard in Resources */,
			);
			runOnlyForDeploymentPostprocessing = 0;
		};
/* End PBXResourcesBuildPhase section */

/* Begin PBXSourcesBuildPhase section */
		A3C86241232AA364000CF79B /* Sources */ = {
			isa = PBXSourcesBuildPhase;
			buildActionMask = 2147483647;
			files = (
				A3F8C820232BF183002CFEA4 /* AppShortcutItem.swift in Sources */,
				A3F8C81C232BEEE0002CFEA4 /* SplashViewModel.swift in Sources */,
				A32D832C232E516E005AB288 /* GradientView.swift in Sources */,
				A3926332232D14600052238C /* UpcomingMoviesViewController.swift in Sources */,
				A3C8624B232AA364000CF79B /* SplashViewController.swift in Sources */,
				A3F8C823232BF5A5002CFEA4 /* MainTabBarControlller.swift in Sources */,
				A32D8329232E4F2C005AB288 /* ShrinkingButton.swift in Sources */,
				A3E74CDF232C7A39002D75A3 /* UIViewController+Extensions.swift in Sources */,
				A3926337232D18AE0052238C /* SearchMoviesViewController.swift in Sources */,
				A3C86249232AA364000CF79B /* AppDelegate.swift in Sources */,
				A32D8324232E4BD9005AB288 /* SignInViewController.swift in Sources */,
				A32D8321232E464A005AB288 /* AccountViewController.swift in Sources */,
			);
			runOnlyForDeploymentPostprocessing = 0;
		};
/* End PBXSourcesBuildPhase section */

/* Begin PBXVariantGroup section */
		A3C8624C232AA364000CF79B /* Main.storyboard */ = {
			isa = PBXVariantGroup;
			children = (
				A3C8624D232AA364000CF79B /* Base */,
			);
			name = Main.storyboard;
			sourceTree = "<group>";
		};
		A3C86251232AA366000CF79B /* LaunchScreen.storyboard */ = {
			isa = PBXVariantGroup;
			children = (
				A3C86252232AA366000CF79B /* Base */,
			);
			name = LaunchScreen.storyboard;
			sourceTree = "<group>";
		};
/* End PBXVariantGroup section */

/* Begin XCBuildConfiguration section */
		A3C86255232AA366000CF79B /* Debug */ = {
			isa = XCBuildConfiguration;
			buildSettings = {
				ALWAYS_SEARCH_USER_PATHS = NO;
				CLANG_ANALYZER_NONNULL = YES;
				CLANG_ANALYZER_NUMBER_OBJECT_CONVERSION = YES_AGGRESSIVE;
				CLANG_CXX_LANGUAGE_STANDARD = "gnu++14";
				CLANG_CXX_LIBRARY = "libc++";
				CLANG_ENABLE_MODULES = YES;
				CLANG_ENABLE_OBJC_ARC = YES;
				CLANG_ENABLE_OBJC_WEAK = YES;
				CLANG_WARN_BLOCK_CAPTURE_AUTORELEASING = YES;
				CLANG_WARN_BOOL_CONVERSION = YES;
				CLANG_WARN_COMMA = YES;
				CLANG_WARN_CONSTANT_CONVERSION = YES;
				CLANG_WARN_DEPRECATED_OBJC_IMPLEMENTATIONS = YES;
				CLANG_WARN_DIRECT_OBJC_ISA_USAGE = YES_ERROR;
				CLANG_WARN_DOCUMENTATION_COMMENTS = YES;
				CLANG_WARN_EMPTY_BODY = YES;
				CLANG_WARN_ENUM_CONVERSION = YES;
				CLANG_WARN_INFINITE_RECURSION = YES;
				CLANG_WARN_INT_CONVERSION = YES;
				CLANG_WARN_NON_LITERAL_NULL_CONVERSION = YES;
				CLANG_WARN_OBJC_IMPLICIT_RETAIN_SELF = YES;
				CLANG_WARN_OBJC_LITERAL_CONVERSION = YES;
				CLANG_WARN_OBJC_ROOT_CLASS = YES_ERROR;
				CLANG_WARN_RANGE_LOOP_ANALYSIS = YES;
				CLANG_WARN_STRICT_PROTOTYPES = YES;
				CLANG_WARN_SUSPICIOUS_MOVE = YES;
				CLANG_WARN_UNGUARDED_AVAILABILITY = YES_AGGRESSIVE;
				CLANG_WARN_UNREACHABLE_CODE = YES;
				CLANG_WARN__DUPLICATE_METHOD_MATCH = YES;
				CODE_SIGN_IDENTITY = "iPhone Developer";
				COPY_PHASE_STRIP = NO;
				DEBUG_INFORMATION_FORMAT = dwarf;
				ENABLE_STRICT_OBJC_MSGSEND = YES;
				ENABLE_TESTABILITY = YES;
				GCC_C_LANGUAGE_STANDARD = gnu11;
				GCC_DYNAMIC_NO_PIC = NO;
				GCC_NO_COMMON_BLOCKS = YES;
				GCC_OPTIMIZATION_LEVEL = 0;
				GCC_PREPROCESSOR_DEFINITIONS = (
					"DEBUG=1",
					"$(inherited)",
				);
				GCC_WARN_64_TO_32_BIT_CONVERSION = YES;
				GCC_WARN_ABOUT_RETURN_TYPE = YES_ERROR;
				GCC_WARN_UNDECLARED_SELECTOR = YES;
				GCC_WARN_UNINITIALIZED_AUTOS = YES_AGGRESSIVE;
				GCC_WARN_UNUSED_FUNCTION = YES;
				GCC_WARN_UNUSED_VARIABLE = YES;
				IPHONEOS_DEPLOYMENT_TARGET = 12.4;
				MTL_ENABLE_DEBUG_INFO = INCLUDE_SOURCE;
				MTL_FAST_MATH = YES;
				ONLY_ACTIVE_ARCH = YES;
				SDKROOT = iphoneos;
				SWIFT_ACTIVE_COMPILATION_CONDITIONS = DEBUG;
				SWIFT_OPTIMIZATION_LEVEL = "-Onone";
			};
			name = Debug;
		};
		A3C86256232AA366000CF79B /* Release */ = {
			isa = XCBuildConfiguration;
			buildSettings = {
				ALWAYS_SEARCH_USER_PATHS = NO;
				CLANG_ANALYZER_NONNULL = YES;
				CLANG_ANALYZER_NUMBER_OBJECT_CONVERSION = YES_AGGRESSIVE;
				CLANG_CXX_LANGUAGE_STANDARD = "gnu++14";
				CLANG_CXX_LIBRARY = "libc++";
				CLANG_ENABLE_MODULES = YES;
				CLANG_ENABLE_OBJC_ARC = YES;
				CLANG_ENABLE_OBJC_WEAK = YES;
				CLANG_WARN_BLOCK_CAPTURE_AUTORELEASING = YES;
				CLANG_WARN_BOOL_CONVERSION = YES;
				CLANG_WARN_COMMA = YES;
				CLANG_WARN_CONSTANT_CONVERSION = YES;
				CLANG_WARN_DEPRECATED_OBJC_IMPLEMENTATIONS = YES;
				CLANG_WARN_DIRECT_OBJC_ISA_USAGE = YES_ERROR;
				CLANG_WARN_DOCUMENTATION_COMMENTS = YES;
				CLANG_WARN_EMPTY_BODY = YES;
				CLANG_WARN_ENUM_CONVERSION = YES;
				CLANG_WARN_INFINITE_RECURSION = YES;
				CLANG_WARN_INT_CONVERSION = YES;
				CLANG_WARN_NON_LITERAL_NULL_CONVERSION = YES;
				CLANG_WARN_OBJC_IMPLICIT_RETAIN_SELF = YES;
				CLANG_WARN_OBJC_LITERAL_CONVERSION = YES;
				CLANG_WARN_OBJC_ROOT_CLASS = YES_ERROR;
				CLANG_WARN_RANGE_LOOP_ANALYSIS = YES;
				CLANG_WARN_STRICT_PROTOTYPES = YES;
				CLANG_WARN_SUSPICIOUS_MOVE = YES;
				CLANG_WARN_UNGUARDED_AVAILABILITY = YES_AGGRESSIVE;
				CLANG_WARN_UNREACHABLE_CODE = YES;
				CLANG_WARN__DUPLICATE_METHOD_MATCH = YES;
				CODE_SIGN_IDENTITY = "iPhone Developer";
				COPY_PHASE_STRIP = NO;
				DEBUG_INFORMATION_FORMAT = "dwarf-with-dsym";
				ENABLE_NS_ASSERTIONS = NO;
				ENABLE_STRICT_OBJC_MSGSEND = YES;
				GCC_C_LANGUAGE_STANDARD = gnu11;
				GCC_NO_COMMON_BLOCKS = YES;
				GCC_WARN_64_TO_32_BIT_CONVERSION = YES;
				GCC_WARN_ABOUT_RETURN_TYPE = YES_ERROR;
				GCC_WARN_UNDECLARED_SELECTOR = YES;
				GCC_WARN_UNINITIALIZED_AUTOS = YES_AGGRESSIVE;
				GCC_WARN_UNUSED_FUNCTION = YES;
				GCC_WARN_UNUSED_VARIABLE = YES;
				IPHONEOS_DEPLOYMENT_TARGET = 12.4;
				MTL_ENABLE_DEBUG_INFO = NO;
				MTL_FAST_MATH = YES;
				SDKROOT = iphoneos;
				SWIFT_COMPILATION_MODE = wholemodule;
				SWIFT_OPTIMIZATION_LEVEL = "-O";
				VALIDATE_PRODUCT = YES;
			};
			name = Release;
		};
		A3C86258232AA366000CF79B /* Debug */ = {
			isa = XCBuildConfiguration;
			buildSettings = {
				ASSETCATALOG_COMPILER_APPICON_NAME = AppIcon;
				CODE_SIGN_STYLE = Automatic;
				INFOPLIST_FILE = MovieDB/Info.plist;
				LD_RUNPATH_SEARCH_PATHS = (
					"$(inherited)",
					"@executable_path/Frameworks",
				);
				PRODUCT_BUNDLE_IDENTIFIER = com.princekr.ios.MovieDB;
				PRODUCT_NAME = "$(TARGET_NAME)";
				SWIFT_VERSION = 5.0;
				TARGETED_DEVICE_FAMILY = "1,2";
			};
			name = Debug;
		};
		A3C86259232AA366000CF79B /* Release */ = {
			isa = XCBuildConfiguration;
			buildSettings = {
				ASSETCATALOG_COMPILER_APPICON_NAME = AppIcon;
				CODE_SIGN_STYLE = Automatic;
				INFOPLIST_FILE = MovieDB/Info.plist;
				LD_RUNPATH_SEARCH_PATHS = (
					"$(inherited)",
					"@executable_path/Frameworks",
				);
				PRODUCT_BUNDLE_IDENTIFIER = com.princekr.ios.MovieDB;
				PRODUCT_NAME = "$(TARGET_NAME)";
				SWIFT_VERSION = 5.0;
				TARGETED_DEVICE_FAMILY = "1,2";
			};
			name = Release;
		};
/* End XCBuildConfiguration section */

/* Begin XCConfigurationList section */
		A3C86240232AA364000CF79B /* Build configuration list for PBXProject "MovieDB" */ = {
			isa = XCConfigurationList;
			buildConfigurations = (
				A3C86255232AA366000CF79B /* Debug */,
				A3C86256232AA366000CF79B /* Release */,
			);
			defaultConfigurationIsVisible = 0;
			defaultConfigurationName = Release;
		};
		A3C86257232AA366000CF79B /* Build configuration list for PBXNativeTarget "MovieDB" */ = {
			isa = XCConfigurationList;
			buildConfigurations = (
				A3C86258232AA366000CF79B /* Debug */,
				A3C86259232AA366000CF79B /* Release */,
			);
			defaultConfigurationIsVisible = 0;
			defaultConfigurationName = Release;
		};
/* End XCConfigurationList section */
	};
	rootObject = A3C8623D232AA364000CF79B /* Project object */;
}
