// !$*UTF8*$!
{
	archiveVersion = 1;
	classes = {
	};
	objectVersion = 50;
	objects = {

/* Begin PBXBuildFile section */
		586740F1259359D8307A697D /* Pods_MovieDB.framework in Frameworks */ = {isa = PBXBuildFile; fileRef = CCA54E77E5A184C7CE2D9BFD /* Pods_MovieDB.framework */; };
		A30BFC0D232F0668005B02FE /* PersistenceManager.swift in Sources */ = {isa = PBXBuildFile; fileRef = A30BFC0C232F0668005B02FE /* PersistenceManager.swift */; };
		A30BFC11232F0725005B02FE /* PersistenceStore.swift in Sources */ = {isa = PBXBuildFile; fileRef = A30BFC10232F0725005B02FE /* PersistenceStore.swift */; };
		A30BFC13232F0A27005B02FE /* User.swift in Sources */ = {isa = PBXBuildFile; fileRef = A30BFC12232F0A27005B02FE /* User.swift */; };
		A30BFC16232F0B4C005B02FE /* Managed.swift in Sources */ = {isa = PBXBuildFile; fileRef = A30BFC15232F0B4C005B02FE /* Managed.swift */; };
		A30BFC18232F171B005B02FE /* NSManagedObjectContext+Extensions.swift in Sources */ = {isa = PBXBuildFile; fileRef = A30BFC17232F171B005B02FE /* NSManagedObjectContext+Extensions.swift */; };
		A30BFC1A232F1846005B02FE /* CodingUserInfoKey+Context.swift in Sources */ = {isa = PBXBuildFile; fileRef = A30BFC19232F1846005B02FE /* CodingUserInfoKey+Context.swift */; };
		A30BFC1C232F1F5B005B02FE /* UpcomingMoviesViewModel.swift in Sources */ = {isa = PBXBuildFile; fileRef = A30BFC1B232F1F5A005B02FE /* UpcomingMoviesViewModel.swift */; };
		A30BFC1E232F1F91005B02FE /* MoviesViewModel.swift in Sources */ = {isa = PBXBuildFile; fileRef = A30BFC1D232F1F91005B02FE /* MoviesViewModel.swift */; };
		A30BFC21232F2E45005B02FE /* MovieClient.swift in Sources */ = {isa = PBXBuildFile; fileRef = A30BFC20232F2E45005B02FE /* MovieClient.swift */; };
		A30BFC23232F2E52005B02FE /* MovieProvider.swift in Sources */ = {isa = PBXBuildFile; fileRef = A30BFC22232F2E52005B02FE /* MovieProvider.swift */; };
		A30BFC25232F5C94005B02FE /* Genre.swift in Sources */ = {isa = PBXBuildFile; fileRef = A30BFC24232F5C94005B02FE /* Genre.swift */; };
		A30BFC28232F5E30005B02FE /* MovieResult.swift in Sources */ = {isa = PBXBuildFile; fileRef = A30BFC27232F5E30005B02FE /* MovieResult.swift */; };
		A30BFC2B232F5E7E005B02FE /* Paginable.swift in Sources */ = {isa = PBXBuildFile; fileRef = A30BFC2A232F5E7E005B02FE /* Paginable.swift */; };
		A30BFC2D232F62B4005B02FE /* Movie.swift in Sources */ = {isa = PBXBuildFile; fileRef = A30BFC2C232F62B4005B02FE /* Movie.swift */; };
		A30BFC2F232F6B28005B02FE /* URLConfiguration.swift in Sources */ = {isa = PBXBuildFile; fileRef = A30BFC2E232F6B28005B02FE /* URLConfiguration.swift */; };
		A30BFC31232F6EE3005B02FE /* VideoResult.swift in Sources */ = {isa = PBXBuildFile; fileRef = A30BFC30232F6EE3005B02FE /* VideoResult.swift */; };
		A30BFC33232F6F76005B02FE /* File.swift in Sources */ = {isa = PBXBuildFile; fileRef = A30BFC32232F6F76005B02FE /* File.swift */; };
		A30BFC35232F7C09005B02FE /* UpcomingMoviesNavigationManager.swift in Sources */ = {isa = PBXBuildFile; fileRef = A30BFC34232F7C09005B02FE /* UpcomingMoviesNavigationManager.swift */; };
		A30BFC37232F80D8005B02FE /* Localizable.strings in Resources */ = {isa = PBXBuildFile; fileRef = A30BFC36232F80D8005B02FE /* Localizable.strings */; };
		A30BFC3E232F8205005B02FE /* UpcomingMoviePreviewCollectionViewCell.swift in Sources */ = {isa = PBXBuildFile; fileRef = A30BFC3C232F8205005B02FE /* UpcomingMoviePreviewCollectionViewCell.swift */; };
		A30BFC3F232F8205005B02FE /* UpcomingMoviePreviewCollectionViewCell.xib in Resources */ = {isa = PBXBuildFile; fileRef = A30BFC3D232F8205005B02FE /* UpcomingMoviePreviewCollectionViewCell.xib */; };
		A30BFC41232F825A005B02FE /* UpcomingMovieCellViewModel.swift in Sources */ = {isa = PBXBuildFile; fileRef = A30BFC40232F825A005B02FE /* UpcomingMovieCellViewModel.swift */; };
		A30BFC43232F827E005B02FE /* UpcomingMovieCollectionViewCell.swift in Sources */ = {isa = PBXBuildFile; fileRef = A30BFC42232F827E005B02FE /* UpcomingMovieCollectionViewCell.swift */; };
		A30BFC45232F84AB005B02FE /* UICollectionView+Extensions.swift in Sources */ = {isa = PBXBuildFile; fileRef = A30BFC44232F84AB005B02FE /* UICollectionView+Extensions.swift */; };
		A30BFC47232F8575005B02FE /* Dequeuable.swift in Sources */ = {isa = PBXBuildFile; fileRef = A30BFC46232F8575005B02FE /* Dequeuable.swift */; };
		A30BFC4A232FAB09005B02FE /* VerticalFlowLayout.swift in Sources */ = {isa = PBXBuildFile; fileRef = A30BFC49232FAB09005B02FE /* VerticalFlowLayout.swift */; };
		A30BFC4C232FD3CB005B02FE /* Bindable.swift in Sources */ = {isa = PBXBuildFile; fileRef = A30BFC4B232FD3CB005B02FE /* Bindable.swift */; };
		A30BFC4E232FD4D0005B02FE /* ViewState.swift in Sources */ = {isa = PBXBuildFile; fileRef = A30BFC4D232FD4D0005B02FE /* ViewState.swift */; };
		A30BFC50232FD769005B02FE /* Descriptable.swift in Sources */ = {isa = PBXBuildFile; fileRef = A30BFC4F232FD769005B02FE /* Descriptable.swift */; };
		A30BFC54232FDEFE005B02FE /* UpcomingMovieDetailCollectionViewCell.swift in Sources */ = {isa = PBXBuildFile; fileRef = A30BFC52232FDEFE005B02FE /* UpcomingMovieDetailCollectionViewCell.swift */; };
		A30BFC55232FDEFE005B02FE /* UpcomingMovieDetailCollectionViewCell.xib in Resources */ = {isa = PBXBuildFile; fileRef = A30BFC53232FDEFE005B02FE /* UpcomingMovieDetailCollectionViewCell.xib */; };
		A3218EDB233BAC23000BC376 /* ProfileTableViewController.swift in Sources */ = {isa = PBXBuildFile; fileRef = A3218EDA233BAC23000BC376 /* ProfileTableViewController.swift */; };
		A3218EDD233BADCF000BC376 /* ProfileDataSource.swift in Sources */ = {isa = PBXBuildFile; fileRef = A3218EDC233BADCF000BC376 /* ProfileDataSource.swift */; };
		A3218EDF233BBB64000BC376 /* ProfileViewModel.swift in Sources */ = {isa = PBXBuildFile; fileRef = A3218EDE233BBB64000BC376 /* ProfileViewModel.swift */; };
		A32BE7402338E5680095B51D /* SpinerLayer.swift in Sources */ = {isa = PBXBuildFile; fileRef = A32BE73F2338E5680095B51D /* SpinerLayer.swift */; };
		A32BE7422338EBF10095B51D /* CGRect+Extensions.swift in Sources */ = {isa = PBXBuildFile; fileRef = A32BE7412338EBF10095B51D /* CGRect+Extensions.swift */; };
		A32D831E232E45BC005AB288 /* Account.storyboard in Resources */ = {isa = PBXBuildFile; fileRef = A32D831D232E45BC005AB288 /* Account.storyboard */; };
		A32D8321232E464A005AB288 /* AccountViewController.swift in Sources */ = {isa = PBXBuildFile; fileRef = A32D8320232E464A005AB288 /* AccountViewController.swift */; };
		A32D8324232E4BD9005AB288 /* SignInViewController.swift in Sources */ = {isa = PBXBuildFile; fileRef = A32D8323232E4BD9005AB288 /* SignInViewController.swift */; };
		A32D8329232E4F2C005AB288 /* ShrinkingButton.swift in Sources */ = {isa = PBXBuildFile; fileRef = A32D8328232E4F2C005AB288 /* ShrinkingButton.swift */; };
		A32D832C232E516E005AB288 /* GradientView.swift in Sources */ = {isa = PBXBuildFile; fileRef = A32D832B232E516E005AB288 /* GradientView.swift */; };
		A32D832E232E902E005AB288 /* AccountViewModel.swift in Sources */ = {isa = PBXBuildFile; fileRef = A32D832D232E902E005AB288 /* AccountViewModel.swift */; };
		A32D8333232E90CC005AB288 /* AuthClient.swift in Sources */ = {isa = PBXBuildFile; fileRef = A32D8332232E90CC005AB288 /* AuthClient.swift */; };
		A32D8335232E9117005AB288 /* APIClient.swift in Sources */ = {isa = PBXBuildFile; fileRef = A32D8334232E9117005AB288 /* APIClient.swift */; };
		A32D8337232E912B005AB288 /* APIError.swift in Sources */ = {isa = PBXBuildFile; fileRef = A32D8336232E912B005AB288 /* APIError.swift */; };
		A32D8339232E913C005AB288 /* Endpoint.swift in Sources */ = {isa = PBXBuildFile; fileRef = A32D8338232E913C005AB288 /* Endpoint.swift */; };
		A32D833B232E9148005AB288 /* Keys.swift in Sources */ = {isa = PBXBuildFile; fileRef = A32D833A232E9148005AB288 /* Keys.swift */; };
		A32D833E232E9450005AB288 /* AuthenticationManager.swift in Sources */ = {isa = PBXBuildFile; fileRef = A32D833D232E9450005AB288 /* AuthenticationManager.swift */; };
		A344B743233F0DDE007836A9 /* MovieDetailViewController.swift in Sources */ = {isa = PBXBuildFile; fileRef = A344B742233F0DDE007836A9 /* MovieDetailViewController.swift */; };
		A344B745233F0DFE007836A9 /* MovieDetailViewModel.swift in Sources */ = {isa = PBXBuildFile; fileRef = A344B744233F0DFE007836A9 /* MovieDetailViewModel.swift */; };
		A344B748233F1934007836A9 /* MovieDetailBackdropView.swift in Sources */ = {isa = PBXBuildFile; fileRef = A344B747233F1934007836A9 /* MovieDetailBackdropView.swift */; };
		A344B74A233F3974007836A9 /* VoteAverageView.swift in Sources */ = {isa = PBXBuildFile; fileRef = A344B749233F3974007836A9 /* VoteAverageView.swift */; };
		A344B74C233F3D82007836A9 /* MovieDetailOptionView.swift in Sources */ = {isa = PBXBuildFile; fileRef = A344B74B233F3D82007836A9 /* MovieDetailOptionView.swift */; };
		A360F088233E51FB00E3CF54 /* AuthPermissionViewController.swift in Sources */ = {isa = PBXBuildFile; fileRef = A360F087233E51FB00E3CF54 /* AuthPermissionViewController.swift */; };
		A360F08A233E5F7E00E3CF54 /* AuthPermissionViewModel.swift in Sources */ = {isa = PBXBuildFile; fileRef = A360F089233E5F7E00E3CF54 /* AuthPermissionViewModel.swift */; };
		A37DC711233D10540048FC8A /* UITableView+Extensions.swift in Sources */ = {isa = PBXBuildFile; fileRef = A37DC710233D10540048FC8A /* UITableView+Extensions.swift */; };
		A37DC713233D19B40048FC8A /* SegueHandler.swift in Sources */ = {isa = PBXBuildFile; fileRef = A37DC712233D19B40048FC8A /* SegueHandler.swift */; };
		A392632C232D10880052238C /* UpcomingMovies.storyboard in Resources */ = {isa = PBXBuildFile; fileRef = A392632B232D10880052238C /* UpcomingMovies.storyboard */; };
		A392632E232D11240052238C /* MovieDetail.storyboard in Resources */ = {isa = PBXBuildFile; fileRef = A392632D232D11240052238C /* MovieDetail.storyboard */; };
		A3926332232D14600052238C /* UpcomingMoviesViewController.swift in Sources */ = {isa = PBXBuildFile; fileRef = A3926331232D14600052238C /* UpcomingMoviesViewController.swift */; };
		A3926334232D17B40052238C /* SearchMovies.storyboard in Resources */ = {isa = PBXBuildFile; fileRef = A3926333232D17B40052238C /* SearchMovies.storyboard */; };
		A3926337232D18AE0052238C /* SearchMoviesViewController.swift in Sources */ = {isa = PBXBuildFile; fileRef = A3926336232D18AE0052238C /* SearchMoviesViewController.swift */; };
		A3B491FB23406E2D00AB531A /* UIView+Layout.swift in Sources */ = {isa = PBXBuildFile; fileRef = A3B491FA23406E2D00AB531A /* UIView+Layout.swift */; };
		A3B491FD2340A52A00AB531A /* UIView+Extensions.swift in Sources */ = {isa = PBXBuildFile; fileRef = A3B491FC2340A52A00AB531A /* UIView+Extensions.swift */; };
		A3B492002340C8E600AB531A /* Transitionable.swift in Sources */ = {isa = PBXBuildFile; fileRef = A3B491FF2340C8E600AB531A /* Transitionable.swift */; };
		A3B49202234104CB00AB531A /* FontHelper.swift in Sources */ = {isa = PBXBuildFile; fileRef = A3B49201234104CB00AB531A /* FontHelper.swift */; };
		A3B49204234109C800AB531A /* Utils.swift in Sources */ = {isa = PBXBuildFile; fileRef = A3B49203234109C800AB531A /* Utils.swift */; };
		A3C86249232AA364000CF79B /* AppDelegate.swift in Sources */ = {isa = PBXBuildFile; fileRef = A3C86248232AA364000CF79B /* AppDelegate.swift */; };
		A3C8624B232AA364000CF79B /* SplashViewController.swift in Sources */ = {isa = PBXBuildFile; fileRef = A3C8624A232AA364000CF79B /* SplashViewController.swift */; };
		A3C8624E232AA364000CF79B /* Main.storyboard in Resources */ = {isa = PBXBuildFile; fileRef = A3C8624C232AA364000CF79B /* Main.storyboard */; };
		A3C86250232AA366000CF79B /* Assets.xcassets in Resources */ = {isa = PBXBuildFile; fileRef = A3C8624F232AA366000CF79B /* Assets.xcassets */; };
		A3C86253232AA366000CF79B /* LaunchScreen.storyboard in Resources */ = {isa = PBXBuildFile; fileRef = A3C86251232AA366000CF79B /* LaunchScreen.storyboard */; };
		A3D3D8C92331ACCA00BD26B8 /* RadarView.swift in Sources */ = {isa = PBXBuildFile; fileRef = A3D3D8C82331ACCA00BD26B8 /* RadarView.swift */; };
		A3D3D8CC2331BE9A00BD26B8 /* UpcomingMovies.xcdatamodeld in Sources */ = {isa = PBXBuildFile; fileRef = A3D3D8CA2331BE9A00BD26B8 /* UpcomingMovies.xcdatamodeld */; };
		A3D3D8CF2331C27700BD26B8 /* PlaceholderDisplayable.swift in Sources */ = {isa = PBXBuildFile; fileRef = A3D3D8CE2331C27700BD26B8 /* PlaceholderDisplayable.swift */; };
		A3D3D8D12331C2A800BD26B8 /* Retryable.swift in Sources */ = {isa = PBXBuildFile; fileRef = A3D3D8D02331C2A800BD26B8 /* Retryable.swift */; };
		A3D3D8D62331C4B300BD26B8 /* ErrorPlaceholderView.swift in Sources */ = {isa = PBXBuildFile; fileRef = A3D3D8D52331C4B300BD26B8 /* ErrorPlaceholderView.swift */; };
		A3D3D8D82331C4CE00BD26B8 /* ErrorPlaceholderView.xib in Resources */ = {isa = PBXBuildFile; fileRef = A3D3D8D72331C4CE00BD26B8 /* ErrorPlaceholderView.xib */; };
		A3D3D8DA2331C54B00BD26B8 /* NibLoadable.swift in Sources */ = {isa = PBXBuildFile; fileRef = A3D3D8D92331C54B00BD26B8 /* NibLoadable.swift */; };
		A3D3D8DC2331D75100BD26B8 /* Emptiable.swift in Sources */ = {isa = PBXBuildFile; fileRef = A3D3D8DB2331D75100BD26B8 /* Emptiable.swift */; };
		A3D3D8DE2331D7C500BD26B8 /* EmptyPlaceholderView.swift in Sources */ = {isa = PBXBuildFile; fileRef = A3D3D8DD2331D7C500BD26B8 /* EmptyPlaceholderView.swift */; };
		A3D3D8E02331D81600BD26B8 /* EmptyPlaceholderView.xib in Resources */ = {isa = PBXBuildFile; fileRef = A3D3D8DF2331D81600BD26B8 /* EmptyPlaceholderView.xib */; };
		A3D3D8E22331E48100BD26B8 /* DefaultRefreshControl.swift in Sources */ = {isa = PBXBuildFile; fileRef = A3D3D8E12331E48100BD26B8 /* DefaultRefreshControl.swift */; };
		A3D3D8E42331E7D200BD26B8 /* ColorPalette.swift in Sources */ = {isa = PBXBuildFile; fileRef = A3D3D8E32331E7D200BD26B8 /* ColorPalette.swift */; };
		A3D3D8E823322EC400BD26B8 /* CollectionViewPrefetching.swift in Sources */ = {isa = PBXBuildFile; fileRef = A3D3D8E723322EC400BD26B8 /* CollectionViewPrefetching.swift */; };
		A3D3D8EB233230DA00BD26B8 /* CollectionViewCellAnimator.swift in Sources */ = {isa = PBXBuildFile; fileRef = A3D3D8EA233230DA00BD26B8 /* CollectionViewCellAnimator.swift */; };
		A3D3D8ED2332339C00BD26B8 /* TabBarScrollable.swift in Sources */ = {isa = PBXBuildFile; fileRef = A3D3D8EC2332339C00BD26B8 /* TabBarScrollable.swift */; };
		A3D3D8EF2332368600BD26B8 /* SimpleCollectionViewDataSource.swift in Sources */ = {isa = PBXBuildFile; fileRef = A3D3D8EE2332368600BD26B8 /* SimpleCollectionViewDataSource.swift */; };
		A3D3D8F123324EC400BD26B8 /* UIRefreshControl+Extensions.swift in Sources */ = {isa = PBXBuildFile; fileRef = A3D3D8F023324EC400BD26B8 /* UIRefreshControl+Extensions.swift */; };
		A3D3D8F32332505B00BD26B8 /* Loadable.swift in Sources */ = {isa = PBXBuildFile; fileRef = A3D3D8F22332505B00BD26B8 /* Loadable.swift */; };
		A3D3D8F52332758900BD26B8 /* LocalizationHelper.swift in Sources */ = {isa = PBXBuildFile; fileRef = A3D3D8F42332758900BD26B8 /* LocalizationHelper.swift */; };
		A3D3D8F7233278DB00BD26B8 /* URLRequest+Extensions.swift in Sources */ = {isa = PBXBuildFile; fileRef = A3D3D8F6233278DB00BD26B8 /* URLRequest+Extensions.swift */; };
		A3D3D8F923327AD200BD26B8 /* Dictionary+Extensions.swift in Sources */ = {isa = PBXBuildFile; fileRef = A3D3D8F823327AD200BD26B8 /* Dictionary+Extensions.swift */; };
		A3D3D8FB23327F3400BD26B8 /* TheMovieDb.plist in Resources */ = {isa = PBXBuildFile; fileRef = A3D3D8FA23327F3400BD26B8 /* TheMovieDb.plist */; };
		A3E593732342495900FD6F92 /* MovieReviewsViewController.swift in Sources */ = {isa = PBXBuildFile; fileRef = A3E593722342495900FD6F92 /* MovieReviewsViewController.swift */; };
		A3E593752342496C00FD6F92 /* MovieReviewsViewModel.swift in Sources */ = {isa = PBXBuildFile; fileRef = A3E593742342496C00FD6F92 /* MovieReviewsViewModel.swift */; };
		A3E5937823424C3400FD6F92 /* MovieVideosViewController.swift in Sources */ = {isa = PBXBuildFile; fileRef = A3E5937723424C3400FD6F92 /* MovieVideosViewController.swift */; };
		A3E5937B23424D4D00FD6F92 /* MovieCreditsViewController.swift in Sources */ = {isa = PBXBuildFile; fileRef = A3E5937A23424D4D00FD6F92 /* MovieCreditsViewController.swift */; };
		A3E74CDF232C7A39002D75A3 /* UIViewController+Extensions.swift in Sources */ = {isa = PBXBuildFile; fileRef = A3E74CDE232C7A39002D75A3 /* UIViewController+Extensions.swift */; };
		A3F6DAA22339ED9A001E2287 /* RequestTokenResult.swift in Sources */ = {isa = PBXBuildFile; fileRef = A3F6DAA12339ED9A001E2287 /* RequestTokenResult.swift */; };
		A3F6DAA42339EE63001E2287 /* AuthProvider.swift in Sources */ = {isa = PBXBuildFile; fileRef = A3F6DAA32339EE63001E2287 /* AuthProvider.swift */; };
		A3F6DAA6233A0115001E2287 /* AccessToken.swift in Sources */ = {isa = PBXBuildFile; fileRef = A3F6DAA5233A0115001E2287 /* AccessToken.swift */; };
		A3F6DAA8233A02F1001E2287 /* SessionResult.swift in Sources */ = {isa = PBXBuildFile; fileRef = A3F6DAA7233A02F1001E2287 /* SessionResult.swift */; };
		A3F6DAAB233A0495001E2287 /* AccountClient.swift in Sources */ = {isa = PBXBuildFile; fileRef = A3F6DAAA233A0495001E2287 /* AccountClient.swift */; };
		A3F6DAAD233A04A1001E2287 /* AccountProvider.swift in Sources */ = {isa = PBXBuildFile; fileRef = A3F6DAAC233A04A1001E2287 /* AccountProvider.swift */; };
		A3F6DAB0233A0BDC001E2287 /* ProfileOptions.swift in Sources */ = {isa = PBXBuildFile; fileRef = A3F6DAAF233A0BDC001E2287 /* ProfileOptions.swift */; };
		A3F6DAB2233A160D001E2287 /* ListResult.swift in Sources */ = {isa = PBXBuildFile; fileRef = A3F6DAB1233A160D001E2287 /* ListResult.swift */; };
		A3F6DAB4233A1A78001E2287 /* List.swift in Sources */ = {isa = PBXBuildFile; fileRef = A3F6DAB3233A1A78001E2287 /* List.swift */; };
		A3F6DAB6233A2400001E2287 /* MarkAsFavoriteResult.swift in Sources */ = {isa = PBXBuildFile; fileRef = A3F6DAB5233A2400001E2287 /* MarkAsFavoriteResult.swift */; };
		A3F6DAB8233A6FC5001E2287 /* PersistenceStore+User.swift in Sources */ = {isa = PBXBuildFile; fileRef = A3F6DAB7233A6FC5001E2287 /* PersistenceStore+User.swift */; };
		A3F8C81C232BEEE0002CFEA4 /* SplashViewModel.swift in Sources */ = {isa = PBXBuildFile; fileRef = A3F8C81B232BEEE0002CFEA4 /* SplashViewModel.swift */; };
		A3F8C820232BF183002CFEA4 /* AppShortcutItem.swift in Sources */ = {isa = PBXBuildFile; fileRef = A3F8C81F232BF183002CFEA4 /* AppShortcutItem.swift */; };
		A3F8C823232BF5A5002CFEA4 /* MainTabBarControlller.swift in Sources */ = {isa = PBXBuildFile; fileRef = A3F8C822232BF5A5002CFEA4 /* MainTabBarControlller.swift */; };
/* End PBXBuildFile section */

/* Begin PBXFileReference section */
		3E87BD2C350D90B50DE8D7F4 /* Pods-MovieDB.debug.xcconfig */ = {isa = PBXFileReference; includeInIndex = 1; lastKnownFileType = text.xcconfig; name = "Pods-MovieDB.debug.xcconfig"; path = "Pods/Target Support Files/Pods-MovieDB/Pods-MovieDB.debug.xcconfig"; sourceTree = "<group>"; };
		A30BFC0C232F0668005B02FE /* PersistenceManager.swift */ = {isa = PBXFileReference; lastKnownFileType = sourcecode.swift; path = PersistenceManager.swift; sourceTree = "<group>"; };
		A30BFC10232F0725005B02FE /* PersistenceStore.swift */ = {isa = PBXFileReference; lastKnownFileType = sourcecode.swift; path = PersistenceStore.swift; sourceTree = "<group>"; };
		A30BFC12232F0A27005B02FE /* User.swift */ = {isa = PBXFileReference; lastKnownFileType = sourcecode.swift; path = User.swift; sourceTree = "<group>"; };
		A30BFC15232F0B4C005B02FE /* Managed.swift */ = {isa = PBXFileReference; lastKnownFileType = sourcecode.swift; path = Managed.swift; sourceTree = "<group>"; };
		A30BFC17232F171B005B02FE /* NSManagedObjectContext+Extensions.swift */ = {isa = PBXFileReference; lastKnownFileType = sourcecode.swift; path = "NSManagedObjectContext+Extensions.swift"; sourceTree = "<group>"; };
		A30BFC19232F1846005B02FE /* CodingUserInfoKey+Context.swift */ = {isa = PBXFileReference; lastKnownFileType = sourcecode.swift; path = "CodingUserInfoKey+Context.swift"; sourceTree = "<group>"; };
		A30BFC1B232F1F5A005B02FE /* UpcomingMoviesViewModel.swift */ = {isa = PBXFileReference; lastKnownFileType = sourcecode.swift; path = UpcomingMoviesViewModel.swift; sourceTree = "<group>"; };
		A30BFC1D232F1F91005B02FE /* MoviesViewModel.swift */ = {isa = PBXFileReference; lastKnownFileType = sourcecode.swift; path = MoviesViewModel.swift; sourceTree = "<group>"; };
		A30BFC20232F2E45005B02FE /* MovieClient.swift */ = {isa = PBXFileReference; lastKnownFileType = sourcecode.swift; path = MovieClient.swift; sourceTree = "<group>"; };
		A30BFC22232F2E52005B02FE /* MovieProvider.swift */ = {isa = PBXFileReference; lastKnownFileType = sourcecode.swift; path = MovieProvider.swift; sourceTree = "<group>"; };
		A30BFC24232F5C94005B02FE /* Genre.swift */ = {isa = PBXFileReference; lastKnownFileType = sourcecode.swift; path = Genre.swift; sourceTree = "<group>"; };
		A30BFC27232F5E30005B02FE /* MovieResult.swift */ = {isa = PBXFileReference; lastKnownFileType = sourcecode.swift; path = MovieResult.swift; sourceTree = "<group>"; };
		A30BFC2A232F5E7E005B02FE /* Paginable.swift */ = {isa = PBXFileReference; lastKnownFileType = sourcecode.swift; path = Paginable.swift; sourceTree = "<group>"; };
		A30BFC2C232F62B4005B02FE /* Movie.swift */ = {isa = PBXFileReference; lastKnownFileType = sourcecode.swift; path = Movie.swift; sourceTree = "<group>"; };
		A30BFC2E232F6B28005B02FE /* URLConfiguration.swift */ = {isa = PBXFileReference; lastKnownFileType = sourcecode.swift; path = URLConfiguration.swift; sourceTree = "<group>"; };
		A30BFC30232F6EE3005B02FE /* VideoResult.swift */ = {isa = PBXFileReference; lastKnownFileType = sourcecode.swift; path = VideoResult.swift; sourceTree = "<group>"; };
		A30BFC32232F6F76005B02FE /* File.swift */ = {isa = PBXFileReference; lastKnownFileType = sourcecode.swift; path = File.swift; sourceTree = "<group>"; };
		A30BFC34232F7C09005B02FE /* UpcomingMoviesNavigationManager.swift */ = {isa = PBXFileReference; lastKnownFileType = sourcecode.swift; path = UpcomingMoviesNavigationManager.swift; sourceTree = "<group>"; };
		A30BFC36232F80D8005B02FE /* Localizable.strings */ = {isa = PBXFileReference; lastKnownFileType = text.plist.strings; path = Localizable.strings; sourceTree = "<group>"; };
		A30BFC3C232F8205005B02FE /* UpcomingMoviePreviewCollectionViewCell.swift */ = {isa = PBXFileReference; lastKnownFileType = sourcecode.swift; path = UpcomingMoviePreviewCollectionViewCell.swift; sourceTree = "<group>"; };
		A30BFC3D232F8205005B02FE /* UpcomingMoviePreviewCollectionViewCell.xib */ = {isa = PBXFileReference; lastKnownFileType = file.xib; path = UpcomingMoviePreviewCollectionViewCell.xib; sourceTree = "<group>"; };
		A30BFC40232F825A005B02FE /* UpcomingMovieCellViewModel.swift */ = {isa = PBXFileReference; lastKnownFileType = sourcecode.swift; path = UpcomingMovieCellViewModel.swift; sourceTree = "<group>"; };
		A30BFC42232F827E005B02FE /* UpcomingMovieCollectionViewCell.swift */ = {isa = PBXFileReference; lastKnownFileType = sourcecode.swift; path = UpcomingMovieCollectionViewCell.swift; sourceTree = "<group>"; };
		A30BFC44232F84AB005B02FE /* UICollectionView+Extensions.swift */ = {isa = PBXFileReference; lastKnownFileType = sourcecode.swift; path = "UICollectionView+Extensions.swift"; sourceTree = "<group>"; };
		A30BFC46232F8575005B02FE /* Dequeuable.swift */ = {isa = PBXFileReference; lastKnownFileType = sourcecode.swift; path = Dequeuable.swift; sourceTree = "<group>"; };
		A30BFC49232FAB09005B02FE /* VerticalFlowLayout.swift */ = {isa = PBXFileReference; lastKnownFileType = sourcecode.swift; path = VerticalFlowLayout.swift; sourceTree = "<group>"; };
		A30BFC4B232FD3CB005B02FE /* Bindable.swift */ = {isa = PBXFileReference; lastKnownFileType = sourcecode.swift; path = Bindable.swift; sourceTree = "<group>"; };
		A30BFC4D232FD4D0005B02FE /* ViewState.swift */ = {isa = PBXFileReference; lastKnownFileType = sourcecode.swift; path = ViewState.swift; sourceTree = "<group>"; };
		A30BFC4F232FD769005B02FE /* Descriptable.swift */ = {isa = PBXFileReference; lastKnownFileType = sourcecode.swift; path = Descriptable.swift; sourceTree = "<group>"; };
		A30BFC52232FDEFE005B02FE /* UpcomingMovieDetailCollectionViewCell.swift */ = {isa = PBXFileReference; lastKnownFileType = sourcecode.swift; path = UpcomingMovieDetailCollectionViewCell.swift; sourceTree = "<group>"; };
		A30BFC53232FDEFE005B02FE /* UpcomingMovieDetailCollectionViewCell.xib */ = {isa = PBXFileReference; lastKnownFileType = file.xib; path = UpcomingMovieDetailCollectionViewCell.xib; sourceTree = "<group>"; };
		A3218EDA233BAC23000BC376 /* ProfileTableViewController.swift */ = {isa = PBXFileReference; lastKnownFileType = sourcecode.swift; path = ProfileTableViewController.swift; sourceTree = "<group>"; };
		A3218EDC233BADCF000BC376 /* ProfileDataSource.swift */ = {isa = PBXFileReference; lastKnownFileType = sourcecode.swift; path = ProfileDataSource.swift; sourceTree = "<group>"; };
		A3218EDE233BBB64000BC376 /* ProfileViewModel.swift */ = {isa = PBXFileReference; lastKnownFileType = sourcecode.swift; path = ProfileViewModel.swift; sourceTree = "<group>"; };
		A32BE73F2338E5680095B51D /* SpinerLayer.swift */ = {isa = PBXFileReference; lastKnownFileType = sourcecode.swift; path = SpinerLayer.swift; sourceTree = "<group>"; };
		A32BE7412338EBF10095B51D /* CGRect+Extensions.swift */ = {isa = PBXFileReference; lastKnownFileType = sourcecode.swift; path = "CGRect+Extensions.swift"; sourceTree = "<group>"; };
		A32D831D232E45BC005AB288 /* Account.storyboard */ = {isa = PBXFileReference; lastKnownFileType = file.storyboard; path = Account.storyboard; sourceTree = "<group>"; };
		A32D8320232E464A005AB288 /* AccountViewController.swift */ = {isa = PBXFileReference; lastKnownFileType = sourcecode.swift; path = AccountViewController.swift; sourceTree = "<group>"; };
		A32D8323232E4BD9005AB288 /* SignInViewController.swift */ = {isa = PBXFileReference; lastKnownFileType = sourcecode.swift; path = SignInViewController.swift; sourceTree = "<group>"; };
		A32D8328232E4F2C005AB288 /* ShrinkingButton.swift */ = {isa = PBXFileReference; lastKnownFileType = sourcecode.swift; path = ShrinkingButton.swift; sourceTree = "<group>"; };
		A32D832B232E516E005AB288 /* GradientView.swift */ = {isa = PBXFileReference; lastKnownFileType = sourcecode.swift; path = GradientView.swift; sourceTree = "<group>"; };
		A32D832D232E902E005AB288 /* AccountViewModel.swift */ = {isa = PBXFileReference; lastKnownFileType = sourcecode.swift; path = AccountViewModel.swift; sourceTree = "<group>"; };
		A32D8332232E90CC005AB288 /* AuthClient.swift */ = {isa = PBXFileReference; lastKnownFileType = sourcecode.swift; path = AuthClient.swift; sourceTree = "<group>"; };
		A32D8334232E9117005AB288 /* APIClient.swift */ = {isa = PBXFileReference; lastKnownFileType = sourcecode.swift; path = APIClient.swift; sourceTree = "<group>"; };
		A32D8336232E912B005AB288 /* APIError.swift */ = {isa = PBXFileReference; lastKnownFileType = sourcecode.swift; path = APIError.swift; sourceTree = "<group>"; };
		A32D8338232E913C005AB288 /* Endpoint.swift */ = {isa = PBXFileReference; lastKnownFileType = sourcecode.swift; path = Endpoint.swift; sourceTree = "<group>"; };
		A32D833A232E9148005AB288 /* Keys.swift */ = {isa = PBXFileReference; lastKnownFileType = sourcecode.swift; path = Keys.swift; sourceTree = "<group>"; };
		A32D833D232E9450005AB288 /* AuthenticationManager.swift */ = {isa = PBXFileReference; lastKnownFileType = sourcecode.swift; path = AuthenticationManager.swift; sourceTree = "<group>"; };
		A344B742233F0DDE007836A9 /* MovieDetailViewController.swift */ = {isa = PBXFileReference; lastKnownFileType = sourcecode.swift; path = MovieDetailViewController.swift; sourceTree = "<group>"; };
		A344B744233F0DFE007836A9 /* MovieDetailViewModel.swift */ = {isa = PBXFileReference; lastKnownFileType = sourcecode.swift; path = MovieDetailViewModel.swift; sourceTree = "<group>"; };
		A344B747233F1934007836A9 /* MovieDetailBackdropView.swift */ = {isa = PBXFileReference; lastKnownFileType = sourcecode.swift; path = MovieDetailBackdropView.swift; sourceTree = "<group>"; };
		A344B749233F3974007836A9 /* VoteAverageView.swift */ = {isa = PBXFileReference; lastKnownFileType = sourcecode.swift; path = VoteAverageView.swift; sourceTree = "<group>"; };
		A344B74B233F3D82007836A9 /* MovieDetailOptionView.swift */ = {isa = PBXFileReference; lastKnownFileType = sourcecode.swift; path = MovieDetailOptionView.swift; sourceTree = "<group>"; };
		A360F087233E51FB00E3CF54 /* AuthPermissionViewController.swift */ = {isa = PBXFileReference; lastKnownFileType = sourcecode.swift; path = AuthPermissionViewController.swift; sourceTree = "<group>"; };
		A360F089233E5F7E00E3CF54 /* AuthPermissionViewModel.swift */ = {isa = PBXFileReference; lastKnownFileType = sourcecode.swift; path = AuthPermissionViewModel.swift; sourceTree = "<group>"; };
		A37DC710233D10540048FC8A /* UITableView+Extensions.swift */ = {isa = PBXFileReference; lastKnownFileType = sourcecode.swift; path = "UITableView+Extensions.swift"; sourceTree = "<group>"; };
		A37DC712233D19B40048FC8A /* SegueHandler.swift */ = {isa = PBXFileReference; lastKnownFileType = sourcecode.swift; path = SegueHandler.swift; sourceTree = "<group>"; };
		A392632B232D10880052238C /* UpcomingMovies.storyboard */ = {isa = PBXFileReference; lastKnownFileType = file.storyboard; path = UpcomingMovies.storyboard; sourceTree = "<group>"; };
		A392632D232D11240052238C /* MovieDetail.storyboard */ = {isa = PBXFileReference; lastKnownFileType = file.storyboard; path = MovieDetail.storyboard; sourceTree = "<group>"; };
		A3926331232D14600052238C /* UpcomingMoviesViewController.swift */ = {isa = PBXFileReference; lastKnownFileType = sourcecode.swift; path = UpcomingMoviesViewController.swift; sourceTree = "<group>"; };
		A3926333232D17B40052238C /* SearchMovies.storyboard */ = {isa = PBXFileReference; lastKnownFileType = file.storyboard; path = SearchMovies.storyboard; sourceTree = "<group>"; };
		A3926336232D18AE0052238C /* SearchMoviesViewController.swift */ = {isa = PBXFileReference; lastKnownFileType = sourcecode.swift; path = SearchMoviesViewController.swift; sourceTree = "<group>"; };
		A3B491FA23406E2D00AB531A /* UIView+Layout.swift */ = {isa = PBXFileReference; lastKnownFileType = sourcecode.swift; path = "UIView+Layout.swift"; sourceTree = "<group>"; };
		A3B491FC2340A52A00AB531A /* UIView+Extensions.swift */ = {isa = PBXFileReference; lastKnownFileType = sourcecode.swift; path = "UIView+Extensions.swift"; sourceTree = "<group>"; };
		A3B491FF2340C8E600AB531A /* Transitionable.swift */ = {isa = PBXFileReference; lastKnownFileType = sourcecode.swift; path = Transitionable.swift; sourceTree = "<group>"; };
		A3B49201234104CB00AB531A /* FontHelper.swift */ = {isa = PBXFileReference; lastKnownFileType = sourcecode.swift; path = FontHelper.swift; sourceTree = "<group>"; };
		A3B49203234109C800AB531A /* Utils.swift */ = {isa = PBXFileReference; lastKnownFileType = sourcecode.swift; path = Utils.swift; sourceTree = "<group>"; };
		A3C86245232AA364000CF79B /* MovieDB.app */ = {isa = PBXFileReference; explicitFileType = wrapper.application; includeInIndex = 0; path = MovieDB.app; sourceTree = BUILT_PRODUCTS_DIR; };
		A3C86248232AA364000CF79B /* AppDelegate.swift */ = {isa = PBXFileReference; lastKnownFileType = sourcecode.swift; path = AppDelegate.swift; sourceTree = "<group>"; };
		A3C8624A232AA364000CF79B /* SplashViewController.swift */ = {isa = PBXFileReference; lastKnownFileType = sourcecode.swift; path = SplashViewController.swift; sourceTree = "<group>"; };
		A3C8624D232AA364000CF79B /* Base */ = {isa = PBXFileReference; lastKnownFileType = file.storyboard; name = Base; path = Base.lproj/Main.storyboard; sourceTree = "<group>"; };
		A3C8624F232AA366000CF79B /* Assets.xcassets */ = {isa = PBXFileReference; lastKnownFileType = folder.assetcatalog; path = Assets.xcassets; sourceTree = "<group>"; };
		A3C86252232AA366000CF79B /* Base */ = {isa = PBXFileReference; lastKnownFileType = file.storyboard; name = Base; path = Base.lproj/LaunchScreen.storyboard; sourceTree = "<group>"; };
		A3C86254232AA366000CF79B /* Info.plist */ = {isa = PBXFileReference; lastKnownFileType = text.plist.xml; path = Info.plist; sourceTree = "<group>"; };
		A3D3D8C82331ACCA00BD26B8 /* RadarView.swift */ = {isa = PBXFileReference; lastKnownFileType = sourcecode.swift; path = RadarView.swift; sourceTree = "<group>"; };
		A3D3D8CB2331BE9A00BD26B8 /* UpcomingMovies.xcdatamodel */ = {isa = PBXFileReference; lastKnownFileType = wrapper.xcdatamodel; path = UpcomingMovies.xcdatamodel; sourceTree = "<group>"; };
		A3D3D8CE2331C27700BD26B8 /* PlaceholderDisplayable.swift */ = {isa = PBXFileReference; lastKnownFileType = sourcecode.swift; path = PlaceholderDisplayable.swift; sourceTree = "<group>"; };
		A3D3D8D02331C2A800BD26B8 /* Retryable.swift */ = {isa = PBXFileReference; lastKnownFileType = sourcecode.swift; path = Retryable.swift; sourceTree = "<group>"; };
		A3D3D8D52331C4B300BD26B8 /* ErrorPlaceholderView.swift */ = {isa = PBXFileReference; lastKnownFileType = sourcecode.swift; path = ErrorPlaceholderView.swift; sourceTree = "<group>"; };
		A3D3D8D72331C4CE00BD26B8 /* ErrorPlaceholderView.xib */ = {isa = PBXFileReference; lastKnownFileType = file.xib; path = ErrorPlaceholderView.xib; sourceTree = "<group>"; };
		A3D3D8D92331C54B00BD26B8 /* NibLoadable.swift */ = {isa = PBXFileReference; lastKnownFileType = sourcecode.swift; path = NibLoadable.swift; sourceTree = "<group>"; };
		A3D3D8DB2331D75100BD26B8 /* Emptiable.swift */ = {isa = PBXFileReference; lastKnownFileType = sourcecode.swift; path = Emptiable.swift; sourceTree = "<group>"; };
		A3D3D8DD2331D7C500BD26B8 /* EmptyPlaceholderView.swift */ = {isa = PBXFileReference; lastKnownFileType = sourcecode.swift; path = EmptyPlaceholderView.swift; sourceTree = "<group>"; };
		A3D3D8DF2331D81600BD26B8 /* EmptyPlaceholderView.xib */ = {isa = PBXFileReference; lastKnownFileType = file.xib; path = EmptyPlaceholderView.xib; sourceTree = "<group>"; };
		A3D3D8E12331E48100BD26B8 /* DefaultRefreshControl.swift */ = {isa = PBXFileReference; lastKnownFileType = sourcecode.swift; path = DefaultRefreshControl.swift; sourceTree = "<group>"; };
		A3D3D8E32331E7D200BD26B8 /* ColorPalette.swift */ = {isa = PBXFileReference; lastKnownFileType = sourcecode.swift; path = ColorPalette.swift; sourceTree = "<group>"; };
		A3D3D8E723322EC400BD26B8 /* CollectionViewPrefetching.swift */ = {isa = PBXFileReference; lastKnownFileType = sourcecode.swift; path = CollectionViewPrefetching.swift; sourceTree = "<group>"; };
		A3D3D8EA233230DA00BD26B8 /* CollectionViewCellAnimator.swift */ = {isa = PBXFileReference; lastKnownFileType = sourcecode.swift; path = CollectionViewCellAnimator.swift; sourceTree = "<group>"; };
		A3D3D8EC2332339C00BD26B8 /* TabBarScrollable.swift */ = {isa = PBXFileReference; lastKnownFileType = sourcecode.swift; path = TabBarScrollable.swift; sourceTree = "<group>"; };
		A3D3D8EE2332368600BD26B8 /* SimpleCollectionViewDataSource.swift */ = {isa = PBXFileReference; lastKnownFileType = sourcecode.swift; path = SimpleCollectionViewDataSource.swift; sourceTree = "<group>"; };
		A3D3D8F023324EC400BD26B8 /* UIRefreshControl+Extensions.swift */ = {isa = PBXFileReference; lastKnownFileType = sourcecode.swift; path = "UIRefreshControl+Extensions.swift"; sourceTree = "<group>"; };
		A3D3D8F22332505B00BD26B8 /* Loadable.swift */ = {isa = PBXFileReference; lastKnownFileType = sourcecode.swift; path = Loadable.swift; sourceTree = "<group>"; };
		A3D3D8F42332758900BD26B8 /* LocalizationHelper.swift */ = {isa = PBXFileReference; lastKnownFileType = sourcecode.swift; path = LocalizationHelper.swift; sourceTree = "<group>"; };
		A3D3D8F6233278DB00BD26B8 /* URLRequest+Extensions.swift */ = {isa = PBXFileReference; lastKnownFileType = sourcecode.swift; path = "URLRequest+Extensions.swift"; sourceTree = "<group>"; };
		A3D3D8F823327AD200BD26B8 /* Dictionary+Extensions.swift */ = {isa = PBXFileReference; lastKnownFileType = sourcecode.swift; path = "Dictionary+Extensions.swift"; sourceTree = "<group>"; };
		A3D3D8FA23327F3400BD26B8 /* TheMovieDb.plist */ = {isa = PBXFileReference; lastKnownFileType = text.plist.xml; path = TheMovieDb.plist; sourceTree = "<group>"; };
		A3E593722342495900FD6F92 /* MovieReviewsViewController.swift */ = {isa = PBXFileReference; lastKnownFileType = sourcecode.swift; path = MovieReviewsViewController.swift; sourceTree = "<group>"; };
		A3E593742342496C00FD6F92 /* MovieReviewsViewModel.swift */ = {isa = PBXFileReference; lastKnownFileType = sourcecode.swift; path = MovieReviewsViewModel.swift; sourceTree = "<group>"; };
		A3E5937723424C3400FD6F92 /* MovieVideosViewController.swift */ = {isa = PBXFileReference; lastKnownFileType = sourcecode.swift; path = MovieVideosViewController.swift; sourceTree = "<group>"; };
		A3E5937A23424D4D00FD6F92 /* MovieCreditsViewController.swift */ = {isa = PBXFileReference; lastKnownFileType = sourcecode.swift; path = MovieCreditsViewController.swift; sourceTree = "<group>"; };
		A3E74CDE232C7A39002D75A3 /* UIViewController+Extensions.swift */ = {isa = PBXFileReference; lastKnownFileType = sourcecode.swift; path = "UIViewController+Extensions.swift"; sourceTree = "<group>"; };
		A3F6DAA12339ED9A001E2287 /* RequestTokenResult.swift */ = {isa = PBXFileReference; lastKnownFileType = sourcecode.swift; path = RequestTokenResult.swift; sourceTree = "<group>"; };
		A3F6DAA32339EE63001E2287 /* AuthProvider.swift */ = {isa = PBXFileReference; lastKnownFileType = sourcecode.swift; path = AuthProvider.swift; sourceTree = "<group>"; };
		A3F6DAA5233A0115001E2287 /* AccessToken.swift */ = {isa = PBXFileReference; lastKnownFileType = sourcecode.swift; path = AccessToken.swift; sourceTree = "<group>"; };
		A3F6DAA7233A02F1001E2287 /* SessionResult.swift */ = {isa = PBXFileReference; lastKnownFileType = sourcecode.swift; path = SessionResult.swift; sourceTree = "<group>"; };
		A3F6DAAA233A0495001E2287 /* AccountClient.swift */ = {isa = PBXFileReference; lastKnownFileType = sourcecode.swift; path = AccountClient.swift; sourceTree = "<group>"; };
		A3F6DAAC233A04A1001E2287 /* AccountProvider.swift */ = {isa = PBXFileReference; lastKnownFileType = sourcecode.swift; path = AccountProvider.swift; sourceTree = "<group>"; };
		A3F6DAAF233A0BDC001E2287 /* ProfileOptions.swift */ = {isa = PBXFileReference; lastKnownFileType = sourcecode.swift; path = ProfileOptions.swift; sourceTree = "<group>"; };
		A3F6DAB1233A160D001E2287 /* ListResult.swift */ = {isa = PBXFileReference; lastKnownFileType = sourcecode.swift; path = ListResult.swift; sourceTree = "<group>"; };
		A3F6DAB3233A1A78001E2287 /* List.swift */ = {isa = PBXFileReference; lastKnownFileType = sourcecode.swift; path = List.swift; sourceTree = "<group>"; };
		A3F6DAB5233A2400001E2287 /* MarkAsFavoriteResult.swift */ = {isa = PBXFileReference; lastKnownFileType = sourcecode.swift; path = MarkAsFavoriteResult.swift; sourceTree = "<group>"; };
		A3F6DAB7233A6FC5001E2287 /* PersistenceStore+User.swift */ = {isa = PBXFileReference; lastKnownFileType = sourcecode.swift; path = "PersistenceStore+User.swift"; sourceTree = "<group>"; };
		A3F8C81B232BEEE0002CFEA4 /* SplashViewModel.swift */ = {isa = PBXFileReference; lastKnownFileType = sourcecode.swift; path = SplashViewModel.swift; sourceTree = "<group>"; };
		A3F8C81F232BF183002CFEA4 /* AppShortcutItem.swift */ = {isa = PBXFileReference; lastKnownFileType = sourcecode.swift; path = AppShortcutItem.swift; sourceTree = "<group>"; };
		A3F8C822232BF5A5002CFEA4 /* MainTabBarControlller.swift */ = {isa = PBXFileReference; lastKnownFileType = sourcecode.swift; path = MainTabBarControlller.swift; sourceTree = "<group>"; };
		C526646594D7530E03AFE708 /* Pods-MovieDB.release.xcconfig */ = {isa = PBXFileReference; includeInIndex = 1; lastKnownFileType = text.xcconfig; name = "Pods-MovieDB.release.xcconfig"; path = "Pods/Target Support Files/Pods-MovieDB/Pods-MovieDB.release.xcconfig"; sourceTree = "<group>"; };
		CCA54E77E5A184C7CE2D9BFD /* Pods_MovieDB.framework */ = {isa = PBXFileReference; explicitFileType = wrapper.framework; includeInIndex = 0; path = Pods_MovieDB.framework; sourceTree = BUILT_PRODUCTS_DIR; };
/* End PBXFileReference section */

/* Begin PBXFrameworksBuildPhase section */
		A3C86242232AA364000CF79B /* Frameworks */ = {
			isa = PBXFrameworksBuildPhase;
			buildActionMask = 2147483647;
			files = (
				586740F1259359D8307A697D /* Pods_MovieDB.framework in Frameworks */,
			);
			runOnlyForDeploymentPostprocessing = 0;
		};
/* End PBXFrameworksBuildPhase section */

/* Begin PBXGroup section */
		A119849F9C4BBE98A97DCC74 /* Pods */ = {
			isa = PBXGroup;
			children = (
				3E87BD2C350D90B50DE8D7F4 /* Pods-MovieDB.debug.xcconfig */,
				C526646594D7530E03AFE708 /* Pods-MovieDB.release.xcconfig */,
			);
			name = Pods;
			sourceTree = "<group>";
		};
		A30BFC0E232F0702005B02FE /* Entities */ = {
			isa = PBXGroup;
			children = (
				A30BFC0F232F0711005B02FE /* Stores */,
				A30BFC12232F0A27005B02FE /* User.swift */,
				A30BFC24232F5C94005B02FE /* Genre.swift */,
				A30BFC2C232F62B4005B02FE /* Movie.swift */,
				A30BFC32232F6F76005B02FE /* File.swift */,
				A3F6DAB3233A1A78001E2287 /* List.swift */,
			);
			path = Entities;
			sourceTree = "<group>";
		};
		A30BFC0F232F0711005B02FE /* Stores */ = {
			isa = PBXGroup;
			children = (
				A30BFC10232F0725005B02FE /* PersistenceStore.swift */,
				A3F6DAB7233A6FC5001E2287 /* PersistenceStore+User.swift */,
			);
			path = Stores;
			sourceTree = "<group>";
		};
		A30BFC14232F0B33005B02FE /* Core Data */ = {
			isa = PBXGroup;
			children = (
				A30BFC15232F0B4C005B02FE /* Managed.swift */,
				A30BFC17232F171B005B02FE /* NSManagedObjectContext+Extensions.swift */,
			);
			path = "Core Data";
			sourceTree = "<group>";
		};
		A30BFC1F232F2E2C005B02FE /* Movie */ = {
			isa = PBXGroup;
			children = (
				A30BFC22232F2E52005B02FE /* MovieProvider.swift */,
				A30BFC20232F2E45005B02FE /* MovieClient.swift */,
			);
			path = Movie;
			sourceTree = "<group>";
		};
		A30BFC26232F5E1A005B02FE /* Feed Results */ = {
			isa = PBXGroup;
			children = (
				A30BFC27232F5E30005B02FE /* MovieResult.swift */,
				A30BFC30232F6EE3005B02FE /* VideoResult.swift */,
				A3F6DAA12339ED9A001E2287 /* RequestTokenResult.swift */,
				A3F6DAA5233A0115001E2287 /* AccessToken.swift */,
				A3F6DAA7233A02F1001E2287 /* SessionResult.swift */,
				A3F6DAB1233A160D001E2287 /* ListResult.swift */,
				A3F6DAB5233A2400001E2287 /* MarkAsFavoriteResult.swift */,
			);
			path = "Feed Results";
			sourceTree = "<group>";
		};
		A30BFC29232F5E68005B02FE /* Protocols */ = {
			isa = PBXGroup;
			children = (
				A3D3D8CD2331C25E00BD26B8 /* Displayable */,
				A30BFC2A232F5E7E005B02FE /* Paginable.swift */,
				A30BFC46232F8575005B02FE /* Dequeuable.swift */,
				A30BFC4B232FD3CB005B02FE /* Bindable.swift */,
				A30BFC4F232FD769005B02FE /* Descriptable.swift */,
				A3D3D8D92331C54B00BD26B8 /* NibLoadable.swift */,
				A3D3D8EC2332339C00BD26B8 /* TabBarScrollable.swift */,
				A3D3D8F22332505B00BD26B8 /* Loadable.swift */,
				A37DC712233D19B40048FC8A /* SegueHandler.swift */,
			);
			path = Protocols;
			sourceTree = "<group>";
		};
		A30BFC38232F818E005B02FE /* Cells */ = {
			isa = PBXGroup;
			children = (
				A30BFC39232F8198005B02FE /* Movie */,
			);
			path = Cells;
			sourceTree = "<group>";
		};
		A30BFC39232F8198005B02FE /* Movie */ = {
			isa = PBXGroup;
			children = (
				A30BFC3A232F81B3005B02FE /* UpcomingMovies */,
			);
			path = Movie;
			sourceTree = "<group>";
		};
		A30BFC3A232F81B3005B02FE /* UpcomingMovies */ = {
			isa = PBXGroup;
			children = (
				A30BFC40232F825A005B02FE /* UpcomingMovieCellViewModel.swift */,
				A30BFC42232F827E005B02FE /* UpcomingMovieCollectionViewCell.swift */,
				A30BFC51232FDEDC005B02FE /* Detail */,
				A30BFC3B232F81C1005B02FE /* Preview */,
			);
			path = UpcomingMovies;
			sourceTree = "<group>";
		};
		A30BFC3B232F81C1005B02FE /* Preview */ = {
			isa = PBXGroup;
			children = (
				A30BFC3C232F8205005B02FE /* UpcomingMoviePreviewCollectionViewCell.swift */,
				A30BFC3D232F8205005B02FE /* UpcomingMoviePreviewCollectionViewCell.xib */,
			);
			path = Preview;
			sourceTree = "<group>";
		};
		A30BFC48232FAAEF005B02FE /* Layout */ = {
			isa = PBXGroup;
			children = (
				A30BFC49232FAB09005B02FE /* VerticalFlowLayout.swift */,
			);
			path = Layout;
			sourceTree = "<group>";
		};
		A30BFC51232FDEDC005B02FE /* Detail */ = {
			isa = PBXGroup;
			children = (
				A30BFC52232FDEFE005B02FE /* UpcomingMovieDetailCollectionViewCell.swift */,
				A30BFC53232FDEFE005B02FE /* UpcomingMovieDetailCollectionViewCell.xib */,
			);
			path = Detail;
			sourceTree = "<group>";
		};
		A32D831F232E4633005AB288 /* Account */ = {
			isa = PBXGroup;
			children = (
				A3F6DAAE233A0BC8001E2287 /* Profile */,
				A32D8320232E464A005AB288 /* AccountViewController.swift */,
				A32D832D232E902E005AB288 /* AccountViewModel.swift */,
				A32D8322232E4BB5005AB288 /* Authentication */,
			);
			path = Account;
			sourceTree = "<group>";
		};
		A32D8322232E4BB5005AB288 /* Authentication */ = {
			isa = PBXGroup;
			children = (
				A360F086233E51DA00E3CF54 /* AuthPermission */,
				A32D8323232E4BD9005AB288 /* SignInViewController.swift */,
			);
			path = Authentication;
			sourceTree = "<group>";
		};
		A32D8325232E4EF6005AB288 /* ViewComponents */ = {
			isa = PBXGroup;
			children = (
				A3B491FE2340C8D300AB531A /* Transitions */,
				A3D3D8E9233230C300BD26B8 /* Animations */,
				A3D3D8E523322E9A00BD26B8 /* DataSources */,
				A3D3D8D22331C2FE00BD26B8 /* PlaceholderViews */,
				A30BFC48232FAAEF005B02FE /* Layout */,
				A30BFC38232F818E005B02FE /* Cells */,
				A32D832A232E5157005AB288 /* CustomViews */,
				A32D8326232E4F00005AB288 /* Buttons */,
			);
			path = ViewComponents;
			sourceTree = "<group>";
		};
		A32D8326232E4F00005AB288 /* Buttons */ = {
			isa = PBXGroup;
			children = (
				A32D8327232E4F09005AB288 /* Shrinking Button */,
			);
			path = Buttons;
			sourceTree = "<group>";
		};
		A32D8327232E4F09005AB288 /* Shrinking Button */ = {
			isa = PBXGroup;
			children = (
				A32D8328232E4F2C005AB288 /* ShrinkingButton.swift */,
				A32BE73F2338E5680095B51D /* SpinerLayer.swift */,
			);
			path = "Shrinking Button";
			sourceTree = "<group>";
		};
		A32D832A232E5157005AB288 /* CustomViews */ = {
			isa = PBXGroup;
			children = (
				A32D832B232E516E005AB288 /* GradientView.swift */,
				A3D3D8C82331ACCA00BD26B8 /* RadarView.swift */,
				A3D3D8E12331E48100BD26B8 /* DefaultRefreshControl.swift */,
				A344B749233F3974007836A9 /* VoteAverageView.swift */,
			);
			path = CustomViews;
			sourceTree = "<group>";
		};
		A32D832F232E908F005AB288 /* Networking */ = {
			isa = PBXGroup;
			children = (
				A30BFC26232F5E1A005B02FE /* Feed Results */,
				A32D8330232E90B4005AB288 /* Services */,
				A32D8334232E9117005AB288 /* APIClient.swift */,
				A32D8336232E912B005AB288 /* APIError.swift */,
				A32D8338232E913C005AB288 /* Endpoint.swift */,
				A32D833A232E9148005AB288 /* Keys.swift */,
			);
			path = Networking;
			sourceTree = "<group>";
		};
		A32D8330232E90B4005AB288 /* Services */ = {
			isa = PBXGroup;
			children = (
				A3F6DAA9233A0484001E2287 /* Account */,
				A30BFC1F232F2E2C005B02FE /* Movie */,
				A32D8331232E90BB005AB288 /* Auth */,
			);
			path = Services;
			sourceTree = "<group>";
		};
		A32D8331232E90BB005AB288 /* Auth */ = {
			isa = PBXGroup;
			children = (
				A32D8332232E90CC005AB288 /* AuthClient.swift */,
				A3F6DAA32339EE63001E2287 /* AuthProvider.swift */,
			);
			path = Auth;
			sourceTree = "<group>";
		};
		A32D833C232E943C005AB288 /* Managers */ = {
			isa = PBXGroup;
			children = (
				A32D833D232E9450005AB288 /* AuthenticationManager.swift */,
				A30BFC0C232F0668005B02FE /* PersistenceManager.swift */,
			);
			path = Managers;
			sourceTree = "<group>";
		};
		A344B741233F0DB2007836A9 /* MovieDetail */ = {
			isa = PBXGroup;
			children = (
				A344B746233F1926007836A9 /* Components */,
				A344B742233F0DDE007836A9 /* MovieDetailViewController.swift */,
				A344B744233F0DFE007836A9 /* MovieDetailViewModel.swift */,
			);
			path = MovieDetail;
			sourceTree = "<group>";
		};
		A344B746233F1926007836A9 /* Components */ = {
			isa = PBXGroup;
			children = (
				A344B747233F1934007836A9 /* MovieDetailBackdropView.swift */,
				A344B74B233F3D82007836A9 /* MovieDetailOptionView.swift */,
			);
			path = Components;
			sourceTree = "<group>";
		};
		A360F086233E51DA00E3CF54 /* AuthPermission */ = {
			isa = PBXGroup;
			children = (
				A360F087233E51FB00E3CF54 /* AuthPermissionViewController.swift */,
				A360F089233E5F7E00E3CF54 /* AuthPermissionViewModel.swift */,
			);
			path = AuthPermission;
			sourceTree = "<group>";
		};
		A392632F232D14230052238C /* Movies */ = {
			isa = PBXGroup;
			children = (
				A3E5937923424D3900FD6F92 /* MovieCredits */,
				A3E5937623424C1100FD6F92 /* MovieVideos */,
				A30BFC1D232F1F91005B02FE /* MoviesViewModel.swift */,
				A3E593712342493800FD6F92 /* MovieReviews */,
				A3926335232D18630052238C /* SearchMovies */,
				A3926330232D14300052238C /* UpcomingMovies */,
				A344B741233F0DB2007836A9 /* MovieDetail */,
			);
			path = Movies;
			sourceTree = "<group>";
		};
		A3926330232D14300052238C /* UpcomingMovies */ = {
			isa = PBXGroup;
			children = (
				A3926331232D14600052238C /* UpcomingMoviesViewController.swift */,
				A30BFC1B232F1F5A005B02FE /* UpcomingMoviesViewModel.swift */,
				A30BFC34232F7C09005B02FE /* UpcomingMoviesNavigationManager.swift */,
			);
			path = UpcomingMovies;
			sourceTree = "<group>";
		};
		A3926335232D18630052238C /* SearchMovies */ = {
			isa = PBXGroup;
			children = (
				A3926336232D18AE0052238C /* SearchMoviesViewController.swift */,
			);
			path = SearchMovies;
			sourceTree = "<group>";
		};
		A3B491FE2340C8D300AB531A /* Transitions */ = {
			isa = PBXGroup;
			children = (
				A3B491FF2340C8E600AB531A /* Transitionable.swift */,
			);
			path = Transitions;
			sourceTree = "<group>";
		};
		A3C8623C232AA364000CF79B = {
			isa = PBXGroup;
			children = (
				A3C86247232AA364000CF79B /* MovieDB */,
				A3C86246232AA364000CF79B /* Products */,
				A119849F9C4BBE98A97DCC74 /* Pods */,
				C83A96A3CF842BE9EC91962E /* Frameworks */,
			);
			sourceTree = "<group>";
		};
		A3C86246232AA364000CF79B /* Products */ = {
			isa = PBXGroup;
			children = (
				A3C86245232AA364000CF79B /* MovieDB.app */,
			);
			name = Products;
			sourceTree = "<group>";
		};
		A3C86247232AA364000CF79B /* MovieDB */ = {
			isa = PBXGroup;
			children = (
				A32D833C232E943C005AB288 /* Managers */,
				A32D8325232E4EF6005AB288 /* ViewComponents */,
				A32D832F232E908F005AB288 /* Networking */,
				A30BFC0E232F0702005B02FE /* Entities */,
				A3F8C819232BE9C2002CFEA4 /* Scenes */,
				A3C8625A232AA934000CF79B /* Storyboards */,
				A3F8C81D232BF167002CFEA4 /* Helpers */,
				A3C86248232AA364000CF79B /* AppDelegate.swift */,
				A3C8624F232AA366000CF79B /* Assets.xcassets */,
				A3C86254232AA366000CF79B /* Info.plist */,
				A30BFC36232F80D8005B02FE /* Localizable.strings */,
				A3D3D8CA2331BE9A00BD26B8 /* UpcomingMovies.xcdatamodeld */,
				A3D3D8FA23327F3400BD26B8 /* TheMovieDb.plist */,
			);
			path = MovieDB;
			sourceTree = "<group>";
		};
		A3C8625A232AA934000CF79B /* Storyboards */ = {
			isa = PBXGroup;
			children = (
				A3C8624C232AA364000CF79B /* Main.storyboard */,
				A3C86251232AA366000CF79B /* LaunchScreen.storyboard */,
				A392632B232D10880052238C /* UpcomingMovies.storyboard */,
				A392632D232D11240052238C /* MovieDetail.storyboard */,
				A3926333232D17B40052238C /* SearchMovies.storyboard */,
				A32D831D232E45BC005AB288 /* Account.storyboard */,
			);
			path = Storyboards;
			sourceTree = "<group>";
		};
		A3D3D8CD2331C25E00BD26B8 /* Displayable */ = {
			isa = PBXGroup;
			children = (
				A3D3D8CE2331C27700BD26B8 /* PlaceholderDisplayable.swift */,
				A3D3D8D02331C2A800BD26B8 /* Retryable.swift */,
				A3D3D8DB2331D75100BD26B8 /* Emptiable.swift */,
			);
			path = Displayable;
			sourceTree = "<group>";
		};
		A3D3D8D22331C2FE00BD26B8 /* PlaceholderViews */ = {
			isa = PBXGroup;
			children = (
				A3D3D8D42331C31600BD26B8 /* Empty */,
				A3D3D8D32331C30D00BD26B8 /* Error */,
			);
			path = PlaceholderViews;
			sourceTree = "<group>";
		};
		A3D3D8D32331C30D00BD26B8 /* Error */ = {
			isa = PBXGroup;
			children = (
				A3D3D8D52331C4B300BD26B8 /* ErrorPlaceholderView.swift */,
				A3D3D8D72331C4CE00BD26B8 /* ErrorPlaceholderView.xib */,
			);
			path = Error;
			sourceTree = "<group>";
		};
		A3D3D8D42331C31600BD26B8 /* Empty */ = {
			isa = PBXGroup;
			children = (
				A3D3D8DD2331D7C500BD26B8 /* EmptyPlaceholderView.swift */,
				A3D3D8DF2331D81600BD26B8 /* EmptyPlaceholderView.xib */,
			);
			path = Empty;
			sourceTree = "<group>";
		};
		A3D3D8E523322E9A00BD26B8 /* DataSources */ = {
			isa = PBXGroup;
			children = (
				A3D3D8E623322EA800BD26B8 /* CollectionView Data Sources */,
			);
			path = DataSources;
			sourceTree = "<group>";
		};
		A3D3D8E623322EA800BD26B8 /* CollectionView Data Sources */ = {
			isa = PBXGroup;
			children = (
				A3D3D8E723322EC400BD26B8 /* CollectionViewPrefetching.swift */,
				A3D3D8EE2332368600BD26B8 /* SimpleCollectionViewDataSource.swift */,
			);
			path = "CollectionView Data Sources";
			sourceTree = "<group>";
		};
		A3D3D8E9233230C300BD26B8 /* Animations */ = {
			isa = PBXGroup;
			children = (
				A3D3D8EA233230DA00BD26B8 /* CollectionViewCellAnimator.swift */,
			);
			path = Animations;
			sourceTree = "<group>";
		};
		A3E593712342493800FD6F92 /* MovieReviews */ = {
			isa = PBXGroup;
			children = (
				A3E593722342495900FD6F92 /* MovieReviewsViewController.swift */,
				A3E593742342496C00FD6F92 /* MovieReviewsViewModel.swift */,
			);
			path = MovieReviews;
			sourceTree = "<group>";
		};
		A3E5937623424C1100FD6F92 /* MovieVideos */ = {
			isa = PBXGroup;
			children = (
				A3E5937723424C3400FD6F92 /* MovieVideosViewController.swift */,
			);
			path = MovieVideos;
			sourceTree = "<group>";
		};
		A3E5937923424D3900FD6F92 /* MovieCredits */ = {
			isa = PBXGroup;
			children = (
				A3E5937A23424D4D00FD6F92 /* MovieCreditsViewController.swift */,
			);
			path = MovieCredits;
			sourceTree = "<group>";
		};
		A3E74CDD232C79C1002D75A3 /* Extensions */ = {
			isa = PBXGroup;
			children = (
				A3E74CDE232C7A39002D75A3 /* UIViewController+Extensions.swift */,
				A30BFC19232F1846005B02FE /* CodingUserInfoKey+Context.swift */,
				A30BFC44232F84AB005B02FE /* UICollectionView+Extensions.swift */,
				A3D3D8F023324EC400BD26B8 /* UIRefreshControl+Extensions.swift */,
				A3D3D8F6233278DB00BD26B8 /* URLRequest+Extensions.swift */,
				A3D3D8F823327AD200BD26B8 /* Dictionary+Extensions.swift */,
				A32BE7412338EBF10095B51D /* CGRect+Extensions.swift */,
				A37DC710233D10540048FC8A /* UITableView+Extensions.swift */,
				A3B491FA23406E2D00AB531A /* UIView+Layout.swift */,
				A3B491FC2340A52A00AB531A /* UIView+Extensions.swift */,
			);
			path = Extensions;
			sourceTree = "<group>";
		};
		A3F6DAA9233A0484001E2287 /* Account */ = {
			isa = PBXGroup;
			children = (
				A3F6DAAA233A0495001E2287 /* AccountClient.swift */,
				A3F6DAAC233A04A1001E2287 /* AccountProvider.swift */,
			);
			path = Account;
			sourceTree = "<group>";
		};
		A3F6DAAE233A0BC8001E2287 /* Profile */ = {
			isa = PBXGroup;
			children = (
				A3F6DAAF233A0BDC001E2287 /* ProfileOptions.swift */,
				A3218EDA233BAC23000BC376 /* ProfileTableViewController.swift */,
				A3218EDC233BADCF000BC376 /* ProfileDataSource.swift */,
				A3218EDE233BBB64000BC376 /* ProfileViewModel.swift */,
			);
			path = Profile;
			sourceTree = "<group>";
		};
		A3F8C819232BE9C2002CFEA4 /* Scenes */ = {
			isa = PBXGroup;
			children = (
				A32D831F232E4633005AB288 /* Account */,
				A392632F232D14230052238C /* Movies */,
				A3F8C821232BF572002CFEA4 /* TabBar */,
				A3F8C81A232BE9CF002CFEA4 /* Splash */,
			);
			path = Scenes;
			sourceTree = "<group>";
		};
		A3F8C81A232BE9CF002CFEA4 /* Splash */ = {
			isa = PBXGroup;
			children = (
				A3C8624A232AA364000CF79B /* SplashViewController.swift */,
				A3F8C81B232BEEE0002CFEA4 /* SplashViewModel.swift */,
			);
			path = Splash;
			sourceTree = "<group>";
		};
		A3F8C81D232BF167002CFEA4 /* Helpers */ = {
			isa = PBXGroup;
			children = (
				A30BFC29232F5E68005B02FE /* Protocols */,
				A30BFC14232F0B33005B02FE /* Core Data */,
				A3E74CDD232C79C1002D75A3 /* Extensions */,
				A3F8C81E232BF171002CFEA4 /* Utils */,
			);
			path = Helpers;
			sourceTree = "<group>";
		};
		A3F8C81E232BF171002CFEA4 /* Utils */ = {
			isa = PBXGroup;
			children = (
				A3F8C81F232BF183002CFEA4 /* AppShortcutItem.swift */,
				A30BFC2E232F6B28005B02FE /* URLConfiguration.swift */,
				A30BFC4D232FD4D0005B02FE /* ViewState.swift */,
				A3D3D8E32331E7D200BD26B8 /* ColorPalette.swift */,
				A3D3D8F42332758900BD26B8 /* LocalizationHelper.swift */,
				A3B49201234104CB00AB531A /* FontHelper.swift */,
				A3B49203234109C800AB531A /* Utils.swift */,
			);
			path = Utils;
			sourceTree = "<group>";
		};
		A3F8C821232BF572002CFEA4 /* TabBar */ = {
			isa = PBXGroup;
			children = (
				A3F8C822232BF5A5002CFEA4 /* MainTabBarControlller.swift */,
			);
			path = TabBar;
			sourceTree = "<group>";
		};
		C83A96A3CF842BE9EC91962E /* Frameworks */ = {
			isa = PBXGroup;
			children = (
				CCA54E77E5A184C7CE2D9BFD /* Pods_MovieDB.framework */,
			);
			name = Frameworks;
			sourceTree = "<group>";
		};
/* End PBXGroup section */

/* Begin PBXNativeTarget section */
		A3C86244232AA364000CF79B /* MovieDB */ = {
			isa = PBXNativeTarget;
			buildConfigurationList = A3C86257232AA366000CF79B /* Build configuration list for PBXNativeTarget "MovieDB" */;
			buildPhases = (
				82C4E0EAB533E0ECCCA0D70D /* [CP] Check Pods Manifest.lock */,
				A3C86241232AA364000CF79B /* Sources */,
				A3C86242232AA364000CF79B /* Frameworks */,
				A3C86243232AA364000CF79B /* Resources */,
				1558900A0DA127C7678AF13B /* [CP] Embed Pods Frameworks */,
			);
			buildRules = (
			);
			dependencies = (
			);
			name = MovieDB;
			productName = MovieDB;
			productReference = A3C86245232AA364000CF79B /* MovieDB.app */;
			productType = "com.apple.product-type.application";
		};
/* End PBXNativeTarget section */

/* Begin PBXProject section */
		A3C8623D232AA364000CF79B /* Project object */ = {
			isa = PBXProject;
			attributes = {
				LastSwiftUpdateCheck = 1030;
				LastUpgradeCheck = 1030;
				ORGANIZATIONNAME = "Prince Kumar";
				TargetAttributes = {
					A3C86244232AA364000CF79B = {
						CreatedOnToolsVersion = 10.3;
					};
				};
			};
			buildConfigurationList = A3C86240232AA364000CF79B /* Build configuration list for PBXProject "MovieDB" */;
			compatibilityVersion = "Xcode 9.3";
			developmentRegion = en;
			hasScannedForEncodings = 0;
			knownRegions = (
				en,
				Base,
			);
			mainGroup = A3C8623C232AA364000CF79B;
			productRefGroup = A3C86246232AA364000CF79B /* Products */;
			projectDirPath = "";
			projectRoot = "";
			targets = (
				A3C86244232AA364000CF79B /* MovieDB */,
			);
		};
/* End PBXProject section */

/* Begin PBXResourcesBuildPhase section */
		A3C86243232AA364000CF79B /* Resources */ = {
			isa = PBXResourcesBuildPhase;
			buildActionMask = 2147483647;
			files = (
				A3D3D8FB23327F3400BD26B8 /* TheMovieDb.plist in Resources */,
				A3C86253232AA366000CF79B /* LaunchScreen.storyboard in Resources */,
				A392632C232D10880052238C /* UpcomingMovies.storyboard in Resources */,
				A30BFC3F232F8205005B02FE /* UpcomingMoviePreviewCollectionViewCell.xib in Resources */,
				A3C86250232AA366000CF79B /* Assets.xcassets in Resources */,
				A30BFC55232FDEFE005B02FE /* UpcomingMovieDetailCollectionViewCell.xib in Resources */,
				A3D3D8D82331C4CE00BD26B8 /* ErrorPlaceholderView.xib in Resources */,
				A3D3D8E02331D81600BD26B8 /* EmptyPlaceholderView.xib in Resources */,
				A3926334232D17B40052238C /* SearchMovies.storyboard in Resources */,
				A3C8624E232AA364000CF79B /* Main.storyboard in Resources */,
				A30BFC37232F80D8005B02FE /* Localizable.strings in Resources */,
				A392632E232D11240052238C /* MovieDetail.storyboard in Resources */,
				A32D831E232E45BC005AB288 /* Account.storyboard in Resources */,
			);
			runOnlyForDeploymentPostprocessing = 0;
		};
/* End PBXResourcesBuildPhase section */

/* Begin PBXShellScriptBuildPhase section */
		1558900A0DA127C7678AF13B /* [CP] Embed Pods Frameworks */ = {
			isa = PBXShellScriptBuildPhase;
			buildActionMask = 2147483647;
			files = (
			);
			inputPaths = (
				"${SRCROOT}/Pods/Target Support Files/Pods-MovieDB/Pods-MovieDB-frameworks.sh",
				"${BUILT_PRODUCTS_DIR}/Bagel/Bagel.framework",
				"${BUILT_PRODUCTS_DIR}/CocoaAsyncSocket/CocoaAsyncSocket.framework",
				"${BUILT_PRODUCTS_DIR}/KeychainSwift/KeychainSwift.framework",
				"${BUILT_PRODUCTS_DIR}/Kingfisher/Kingfisher.framework",
			);
			name = "[CP] Embed Pods Frameworks";
			outputPaths = (
				"${TARGET_BUILD_DIR}/${FRAMEWORKS_FOLDER_PATH}/Bagel.framework",
				"${TARGET_BUILD_DIR}/${FRAMEWORKS_FOLDER_PATH}/CocoaAsyncSocket.framework",
				"${TARGET_BUILD_DIR}/${FRAMEWORKS_FOLDER_PATH}/KeychainSwift.framework",
				"${TARGET_BUILD_DIR}/${FRAMEWORKS_FOLDER_PATH}/Kingfisher.framework",
			);
			runOnlyForDeploymentPostprocessing = 0;
			shellPath = /bin/sh;
			shellScript = "\"${SRCROOT}/Pods/Target Support Files/Pods-MovieDB/Pods-MovieDB-frameworks.sh\"\n";
			showEnvVarsInLog = 0;
		};
		82C4E0EAB533E0ECCCA0D70D /* [CP] Check Pods Manifest.lock */ = {
			isa = PBXShellScriptBuildPhase;
			buildActionMask = 2147483647;
			files = (
			);
			inputPaths = (
				"${PODS_PODFILE_DIR_PATH}/Podfile.lock",
				"${PODS_ROOT}/Manifest.lock",
			);
			name = "[CP] Check Pods Manifest.lock";
			outputPaths = (
				"$(DERIVED_FILE_DIR)/Pods-MovieDB-checkManifestLockResult.txt",
			);
			runOnlyForDeploymentPostprocessing = 0;
			shellPath = /bin/sh;
			shellScript = "diff \"${PODS_PODFILE_DIR_PATH}/Podfile.lock\" \"${PODS_ROOT}/Manifest.lock\" > /dev/null\nif [ $? != 0 ] ; then\n    # print error to STDERR\n    echo \"error: The sandbox is not in sync with the Podfile.lock. Run 'pod install' or update your CocoaPods installation.\" >&2\n    exit 1\nfi\n# This output is used by Xcode 'outputs' to avoid re-running this script phase.\necho \"SUCCESS\" > \"${SCRIPT_OUTPUT_FILE_0}\"\n";
			showEnvVarsInLog = 0;
		};
/* End PBXShellScriptBuildPhase section */

/* Begin PBXSourcesBuildPhase section */
		A3C86241232AA364000CF79B /* Sources */ = {
			isa = PBXSourcesBuildPhase;
			buildActionMask = 2147483647;
			files = (
				A32D8333232E90CC005AB288 /* AuthClient.swift in Sources */,
				A3218EDD233BADCF000BC376 /* ProfileDataSource.swift in Sources */,
				A3F6DAAB233A0495001E2287 /* AccountClient.swift in Sources */,
				A3F8C820232BF183002CFEA4 /* AppShortcutItem.swift in Sources */,
				A30BFC28232F5E30005B02FE /* MovieResult.swift in Sources */,
				A3F8C81C232BEEE0002CFEA4 /* SplashViewModel.swift in Sources */,
				A30BFC21232F2E45005B02FE /* MovieClient.swift in Sources */,
				A3218EDB233BAC23000BC376 /* ProfileTableViewController.swift in Sources */,
				A30BFC35232F7C09005B02FE /* UpcomingMoviesNavigationManager.swift in Sources */,
				A32D832C232E516E005AB288 /* GradientView.swift in Sources */,
				A3D3D8CC2331BE9A00BD26B8 /* UpcomingMovies.xcdatamodeld in Sources */,
				A30BFC54232FDEFE005B02FE /* UpcomingMovieDetailCollectionViewCell.swift in Sources */,
				A3B491FB23406E2D00AB531A /* UIView+Layout.swift in Sources */,
				A30BFC31232F6EE3005B02FE /* VideoResult.swift in Sources */,
				A30BFC3E232F8205005B02FE /* UpcomingMoviePreviewCollectionViewCell.swift in Sources */,
				A3D3D8E22331E48100BD26B8 /* DefaultRefreshControl.swift in Sources */,
				A3D3D8DA2331C54B00BD26B8 /* NibLoadable.swift in Sources */,
				A3D3D8F7233278DB00BD26B8 /* URLRequest+Extensions.swift in Sources */,
				A32D833E232E9450005AB288 /* AuthenticationManager.swift in Sources */,
				A3D3D8EB233230DA00BD26B8 /* CollectionViewCellAnimator.swift in Sources */,
				A3F6DAB8233A6FC5001E2287 /* PersistenceStore+User.swift in Sources */,
				A3926332232D14600052238C /* UpcomingMoviesViewController.swift in Sources */,
				A30BFC16232F0B4C005B02FE /* Managed.swift in Sources */,
				A3B49204234109C800AB531A /* Utils.swift in Sources */,
				A3C8624B232AA364000CF79B /* SplashViewController.swift in Sources */,
				A30BFC25232F5C94005B02FE /* Genre.swift in Sources */,
				A3E5937823424C3400FD6F92 /* MovieVideosViewController.swift in Sources */,
				A37DC713233D19B40048FC8A /* SegueHandler.swift in Sources */,
				A3F6DAB0233A0BDC001E2287 /* ProfileOptions.swift in Sources */,
				A30BFC41232F825A005B02FE /* UpcomingMovieCellViewModel.swift in Sources */,
				A3F8C823232BF5A5002CFEA4 /* MainTabBarControlller.swift in Sources */,
				A344B745233F0DFE007836A9 /* MovieDetailViewModel.swift in Sources */,
				A3D3D8F123324EC400BD26B8 /* UIRefreshControl+Extensions.swift in Sources */,
				A344B74C233F3D82007836A9 /* MovieDetailOptionView.swift in Sources */,
				A30BFC23232F2E52005B02FE /* MovieProvider.swift in Sources */,
				A30BFC43232F827E005B02FE /* UpcomingMovieCollectionViewCell.swift in Sources */,
				A3D3D8E823322EC400BD26B8 /* CollectionViewPrefetching.swift in Sources */,
				A32BE7402338E5680095B51D /* SpinerLayer.swift in Sources */,
				A30BFC2B232F5E7E005B02FE /* Paginable.swift in Sources */,
				A32D833B232E9148005AB288 /* Keys.swift in Sources */,
				A3F6DAB6233A2400001E2287 /* MarkAsFavoriteResult.swift in Sources */,
				A32D8329232E4F2C005AB288 /* ShrinkingButton.swift in Sources */,
				A3F6DAA22339ED9A001E2287 /* RequestTokenResult.swift in Sources */,
				A37DC711233D10540048FC8A /* UITableView+Extensions.swift in Sources */,
				A3E593732342495900FD6F92 /* MovieReviewsViewController.swift in Sources */,
				A30BFC13232F0A27005B02FE /* User.swift in Sources */,
				A3F6DAA42339EE63001E2287 /* AuthProvider.swift in Sources */,
				A3D3D8F32332505B00BD26B8 /* Loadable.swift in Sources */,
				A30BFC45232F84AB005B02FE /* UICollectionView+Extensions.swift in Sources */,
				A3B49202234104CB00AB531A /* FontHelper.swift in Sources */,
				A32D8335232E9117005AB288 /* APIClient.swift in Sources */,
				A3D3D8DC2331D75100BD26B8 /* Emptiable.swift in Sources */,
				A30BFC47232F8575005B02FE /* Dequeuable.swift in Sources */,
				A30BFC0D232F0668005B02FE /* PersistenceManager.swift in Sources */,
				A3B492002340C8E600AB531A /* Transitionable.swift in Sources */,
				A30BFC4C232FD3CB005B02FE /* Bindable.swift in Sources */,
				A3E74CDF232C7A39002D75A3 /* UIViewController+Extensions.swift in Sources */,
				A344B74A233F3974007836A9 /* VoteAverageView.swift in Sources */,
				A30BFC2D232F62B4005B02FE /* Movie.swift in Sources */,
				A344B748233F1934007836A9 /* MovieDetailBackdropView.swift in Sources */,
				A3926337232D18AE0052238C /* SearchMoviesViewController.swift in Sources */,
				A3D3D8C92331ACCA00BD26B8 /* RadarView.swift in Sources */,
				A3C86249232AA364000CF79B /* AppDelegate.swift in Sources */,
				A32D8324232E4BD9005AB288 /* SignInViewController.swift in Sources */,
				A30BFC4E232FD4D0005B02FE /* ViewState.swift in Sources */,
				A30BFC33232F6F76005B02FE /* File.swift in Sources */,
				A360F088233E51FB00E3CF54 /* AuthPermissionViewController.swift in Sources */,
				A3D3D8D62331C4B300BD26B8 /* ErrorPlaceholderView.swift in Sources */,
				A32D8337232E912B005AB288 /* APIError.swift in Sources */,
				A30BFC11232F0725005B02FE /* PersistenceStore.swift in Sources */,
				A3F6DAAD233A04A1001E2287 /* AccountProvider.swift in Sources */,
				A32D832E232E902E005AB288 /* AccountViewModel.swift in Sources */,
				A30BFC50232FD769005B02FE /* Descriptable.swift in Sources */,
				A30BFC1C232F1F5B005B02FE /* UpcomingMoviesViewModel.swift in Sources */,
				A3D3D8EF2332368600BD26B8 /* SimpleCollectionViewDataSource.swift in Sources */,
				A32BE7422338EBF10095B51D /* CGRect+Extensions.swift in Sources */,
				A30BFC1E232F1F91005B02FE /* MoviesViewModel.swift in Sources */,
				A3218EDF233BBB64000BC376 /* ProfileViewModel.swift in Sources */,
				A3F6DAA8233A02F1001E2287 /* SessionResult.swift in Sources */,
				A30BFC4A232FAB09005B02FE /* VerticalFlowLayout.swift in Sources */,
				A3F6DAB2233A160D001E2287 /* ListResult.swift in Sources */,
				A32D8339232E913C005AB288 /* Endpoint.swift in Sources */,
				A30BFC2F232F6B28005B02FE /* URLConfiguration.swift in Sources */,
				A3D3D8ED2332339C00BD26B8 /* TabBarScrollable.swift in Sources */,
				A3D3D8E42331E7D200BD26B8 /* ColorPalette.swift in Sources */,
				A3F6DAA6233A0115001E2287 /* AccessToken.swift in Sources */,
				A3D3D8D12331C2A800BD26B8 /* Retryable.swift in Sources */,
				A32D8321232E464A005AB288 /* AccountViewController.swift in Sources */,
				A3D3D8DE2331D7C500BD26B8 /* EmptyPlaceholderView.swift in Sources */,
				A344B743233F0DDE007836A9 /* MovieDetailViewController.swift in Sources */,
				A3D3D8F52332758900BD26B8 /* LocalizationHelper.swift in Sources */,
				A3F6DAB4233A1A78001E2287 /* List.swift in Sources */,
				A3E593752342496C00FD6F92 /* MovieReviewsViewModel.swift in Sources */,
				A30BFC18232F171B005B02FE /* NSManagedObjectContext+Extensions.swift in Sources */,
				A3D3D8CF2331C27700BD26B8 /* PlaceholderDisplayable.swift in Sources */,
				A360F08A233E5F7E00E3CF54 /* AuthPermissionViewModel.swift in Sources */,
				A3E5937B23424D4D00FD6F92 /* MovieCreditsViewController.swift in Sources */,
				A3B491FD2340A52A00AB531A /* UIView+Extensions.swift in Sources */,
				A30BFC1A232F1846005B02FE /* CodingUserInfoKey+Context.swift in Sources */,
				A3D3D8F923327AD200BD26B8 /* Dictionary+Extensions.swift in Sources */,
			);
			runOnlyForDeploymentPostprocessing = 0;
		};
/* End PBXSourcesBuildPhase section */

/* Begin PBXVariantGroup section */
		A3C8624C232AA364000CF79B /* Main.storyboard */ = {
			isa = PBXVariantGroup;
			children = (
				A3C8624D232AA364000CF79B /* Base */,
			);
			name = Main.storyboard;
			sourceTree = "<group>";
		};
		A3C86251232AA366000CF79B /* LaunchScreen.storyboard */ = {
			isa = PBXVariantGroup;
			children = (
				A3C86252232AA366000CF79B /* Base */,
			);
			name = LaunchScreen.storyboard;
			sourceTree = "<group>";
		};
/* End PBXVariantGroup section */

/* Begin XCBuildConfiguration section */
		A3C86255232AA366000CF79B /* Debug */ = {
			isa = XCBuildConfiguration;
			buildSettings = {
				ALWAYS_SEARCH_USER_PATHS = NO;
				CLANG_ANALYZER_NONNULL = YES;
				CLANG_ANALYZER_NUMBER_OBJECT_CONVERSION = YES_AGGRESSIVE;
				CLANG_CXX_LANGUAGE_STANDARD = "gnu++14";
				CLANG_CXX_LIBRARY = "libc++";
				CLANG_ENABLE_MODULES = YES;
				CLANG_ENABLE_OBJC_ARC = YES;
				CLANG_ENABLE_OBJC_WEAK = YES;
				CLANG_WARN_BLOCK_CAPTURE_AUTORELEASING = YES;
				CLANG_WARN_BOOL_CONVERSION = YES;
				CLANG_WARN_COMMA = YES;
				CLANG_WARN_CONSTANT_CONVERSION = YES;
				CLANG_WARN_DEPRECATED_OBJC_IMPLEMENTATIONS = YES;
				CLANG_WARN_DIRECT_OBJC_ISA_USAGE = YES_ERROR;
				CLANG_WARN_DOCUMENTATION_COMMENTS = YES;
				CLANG_WARN_EMPTY_BODY = YES;
				CLANG_WARN_ENUM_CONVERSION = YES;
				CLANG_WARN_INFINITE_RECURSION = YES;
				CLANG_WARN_INT_CONVERSION = YES;
				CLANG_WARN_NON_LITERAL_NULL_CONVERSION = YES;
				CLANG_WARN_OBJC_IMPLICIT_RETAIN_SELF = YES;
				CLANG_WARN_OBJC_LITERAL_CONVERSION = YES;
				CLANG_WARN_OBJC_ROOT_CLASS = YES_ERROR;
				CLANG_WARN_RANGE_LOOP_ANALYSIS = YES;
				CLANG_WARN_STRICT_PROTOTYPES = YES;
				CLANG_WARN_SUSPICIOUS_MOVE = YES;
				CLANG_WARN_UNGUARDED_AVAILABILITY = YES_AGGRESSIVE;
				CLANG_WARN_UNREACHABLE_CODE = YES;
				CLANG_WARN__DUPLICATE_METHOD_MATCH = YES;
				CODE_SIGN_IDENTITY = "iPhone Developer";
				COPY_PHASE_STRIP = NO;
				DEBUG_INFORMATION_FORMAT = dwarf;
				ENABLE_STRICT_OBJC_MSGSEND = YES;
				ENABLE_TESTABILITY = YES;
				GCC_C_LANGUAGE_STANDARD = gnu11;
				GCC_DYNAMIC_NO_PIC = NO;
				GCC_NO_COMMON_BLOCKS = YES;
				GCC_OPTIMIZATION_LEVEL = 0;
				GCC_PREPROCESSOR_DEFINITIONS = (
					"DEBUG=1",
					"$(inherited)",
				);
				GCC_WARN_64_TO_32_BIT_CONVERSION = YES;
				GCC_WARN_ABOUT_RETURN_TYPE = YES_ERROR;
				GCC_WARN_UNDECLARED_SELECTOR = YES;
				GCC_WARN_UNINITIALIZED_AUTOS = YES_AGGRESSIVE;
				GCC_WARN_UNUSED_FUNCTION = YES;
				GCC_WARN_UNUSED_VARIABLE = YES;
				IPHONEOS_DEPLOYMENT_TARGET = 12.4;
				MTL_ENABLE_DEBUG_INFO = INCLUDE_SOURCE;
				MTL_FAST_MATH = YES;
				ONLY_ACTIVE_ARCH = YES;
				SDKROOT = iphoneos;
				SWIFT_ACTIVE_COMPILATION_CONDITIONS = DEBUG;
				SWIFT_OPTIMIZATION_LEVEL = "-Onone";
			};
			name = Debug;
		};
		A3C86256232AA366000CF79B /* Release */ = {
			isa = XCBuildConfiguration;
			buildSettings = {
				ALWAYS_SEARCH_USER_PATHS = NO;
				CLANG_ANALYZER_NONNULL = YES;
				CLANG_ANALYZER_NUMBER_OBJECT_CONVERSION = YES_AGGRESSIVE;
				CLANG_CXX_LANGUAGE_STANDARD = "gnu++14";
				CLANG_CXX_LIBRARY = "libc++";
				CLANG_ENABLE_MODULES = YES;
				CLANG_ENABLE_OBJC_ARC = YES;
				CLANG_ENABLE_OBJC_WEAK = YES;
				CLANG_WARN_BLOCK_CAPTURE_AUTORELEASING = YES;
				CLANG_WARN_BOOL_CONVERSION = YES;
				CLANG_WARN_COMMA = YES;
				CLANG_WARN_CONSTANT_CONVERSION = YES;
				CLANG_WARN_DEPRECATED_OBJC_IMPLEMENTATIONS = YES;
				CLANG_WARN_DIRECT_OBJC_ISA_USAGE = YES_ERROR;
				CLANG_WARN_DOCUMENTATION_COMMENTS = YES;
				CLANG_WARN_EMPTY_BODY = YES;
				CLANG_WARN_ENUM_CONVERSION = YES;
				CLANG_WARN_INFINITE_RECURSION = YES;
				CLANG_WARN_INT_CONVERSION = YES;
				CLANG_WARN_NON_LITERAL_NULL_CONVERSION = YES;
				CLANG_WARN_OBJC_IMPLICIT_RETAIN_SELF = YES;
				CLANG_WARN_OBJC_LITERAL_CONVERSION = YES;
				CLANG_WARN_OBJC_ROOT_CLASS = YES_ERROR;
				CLANG_WARN_RANGE_LOOP_ANALYSIS = YES;
				CLANG_WARN_STRICT_PROTOTYPES = YES;
				CLANG_WARN_SUSPICIOUS_MOVE = YES;
				CLANG_WARN_UNGUARDED_AVAILABILITY = YES_AGGRESSIVE;
				CLANG_WARN_UNREACHABLE_CODE = YES;
				CLANG_WARN__DUPLICATE_METHOD_MATCH = YES;
				CODE_SIGN_IDENTITY = "iPhone Developer";
				COPY_PHASE_STRIP = NO;
				DEBUG_INFORMATION_FORMAT = "dwarf-with-dsym";
				ENABLE_NS_ASSERTIONS = NO;
				ENABLE_STRICT_OBJC_MSGSEND = YES;
				GCC_C_LANGUAGE_STANDARD = gnu11;
				GCC_NO_COMMON_BLOCKS = YES;
				GCC_WARN_64_TO_32_BIT_CONVERSION = YES;
				GCC_WARN_ABOUT_RETURN_TYPE = YES_ERROR;
				GCC_WARN_UNDECLARED_SELECTOR = YES;
				GCC_WARN_UNINITIALIZED_AUTOS = YES_AGGRESSIVE;
				GCC_WARN_UNUSED_FUNCTION = YES;
				GCC_WARN_UNUSED_VARIABLE = YES;
				IPHONEOS_DEPLOYMENT_TARGET = 12.4;
				MTL_ENABLE_DEBUG_INFO = NO;
				MTL_FAST_MATH = YES;
				SDKROOT = iphoneos;
				SWIFT_COMPILATION_MODE = wholemodule;
				SWIFT_OPTIMIZATION_LEVEL = "-O";
				VALIDATE_PRODUCT = YES;
			};
			name = Release;
		};
		A3C86258232AA366000CF79B /* Debug */ = {
			isa = XCBuildConfiguration;
			baseConfigurationReference = 3E87BD2C350D90B50DE8D7F4 /* Pods-MovieDB.debug.xcconfig */;
			buildSettings = {
				ASSETCATALOG_COMPILER_APPICON_NAME = AppIcon;
				CODE_SIGN_STYLE = Automatic;
				INFOPLIST_FILE = MovieDB/Info.plist;
				LD_RUNPATH_SEARCH_PATHS = (
					"$(inherited)",
					"@executable_path/Frameworks",
				);
				PRODUCT_BUNDLE_IDENTIFIER = com.princekr.ios.MovieDB;
				PRODUCT_NAME = "$(TARGET_NAME)";
				SWIFT_VERSION = 5.0;
				TARGETED_DEVICE_FAMILY = "1,2";
			};
			name = Debug;
		};
		A3C86259232AA366000CF79B /* Release */ = {
			isa = XCBuildConfiguration;
			baseConfigurationReference = C526646594D7530E03AFE708 /* Pods-MovieDB.release.xcconfig */;
			buildSettings = {
				ASSETCATALOG_COMPILER_APPICON_NAME = AppIcon;
				CODE_SIGN_STYLE = Automatic;
				INFOPLIST_FILE = MovieDB/Info.plist;
				LD_RUNPATH_SEARCH_PATHS = (
					"$(inherited)",
					"@executable_path/Frameworks",
				);
				PRODUCT_BUNDLE_IDENTIFIER = com.princekr.ios.MovieDB;
				PRODUCT_NAME = "$(TARGET_NAME)";
				SWIFT_VERSION = 5.0;
				TARGETED_DEVICE_FAMILY = "1,2";
			};
			name = Release;
		};
/* End XCBuildConfiguration section */

/* Begin XCConfigurationList section */
		A3C86240232AA364000CF79B /* Build configuration list for PBXProject "MovieDB" */ = {
			isa = XCConfigurationList;
			buildConfigurations = (
				A3C86255232AA366000CF79B /* Debug */,
				A3C86256232AA366000CF79B /* Release */,
			);
			defaultConfigurationIsVisible = 0;
			defaultConfigurationName = Release;
		};
		A3C86257232AA366000CF79B /* Build configuration list for PBXNativeTarget "MovieDB" */ = {
			isa = XCConfigurationList;
			buildConfigurations = (
				A3C86258232AA366000CF79B /* Debug */,
				A3C86259232AA366000CF79B /* Release */,
			);
			defaultConfigurationIsVisible = 0;
			defaultConfigurationName = Release;
		};
/* End XCConfigurationList section */

/* Begin XCVersionGroup section */
		A3D3D8CA2331BE9A00BD26B8 /* UpcomingMovies.xcdatamodeld */ = {
			isa = XCVersionGroup;
			children = (
				A3D3D8CB2331BE9A00BD26B8 /* UpcomingMovies.xcdatamodel */,
			);
			currentVersion = A3D3D8CB2331BE9A00BD26B8 /* UpcomingMovies.xcdatamodel */;
			path = UpcomingMovies.xcdatamodeld;
			sourceTree = "<group>";
			versionGroupType = wrapper.xcdatamodel;
		};
/* End XCVersionGroup section */
	};
	rootObject = A3C8623D232AA364000CF79B /* Project object */;
}
